{
  "version": 4,
  "terraform_version": "1.9.5",
  "serial": 16,
  "lineage": "8f2d3ef6-dc6c-2ad9-4db9-2105b92f7bc9",
  "outputs": {},
  "resources": [
    {
      "module": "module.acm_request_certificate",
      "mode": "data",
      "type": "aws_route53_zone",
      "name": "default",
      "provider": "provider[\"registry.terraform.io/hashicorp/aws\"].aws-us-east-1",
      "instances": [
        {
          "index_key": 0,
          "schema_version": 0,
          "attributes": {
            "arn": "arn:aws:route53:::hostedzone/Z06437641R6SHV8X301QF",
            "caller_reference": "RISWorkflow-RD:5bbbc016-e7fd-48a0-bc29-9f053652a66d",
            "comment": "HostedZone created by Route53 Registrar",
            "id": "Z06437641R6SHV8X301QF",
            "linked_service_description": null,
            "linked_service_principal": null,
            "name": "hasemato.com",
            "name_servers": [
              "ns-527.awsdns-01.net",
              "ns-1818.awsdns-35.co.uk",
              "ns-330.awsdns-41.com",
              "ns-1514.awsdns-61.org"
            ],
            "primary_name_server": "ns-527.awsdns-01.net",
            "private_zone": false,
            "resource_record_set_count": 9,
            "tags": {},
            "vpc_id": null,
            "zone_id": "Z06437641R6SHV8X301QF"
          },
          "sensitive_attributes": []
        }
      ]
    },
    {
      "module": "module.acm_request_certificate",
      "mode": "managed",
      "type": "aws_acm_certificate",
      "name": "default",
      "provider": "provider[\"registry.terraform.io/hashicorp/aws\"].aws-us-east-1",
      "instances": [
        {
          "index_key": 0,
          "schema_version": 0,
          "attributes": {
            "arn": "arn:aws:acm:us-east-1:456004844534:certificate/745079b6-6231-4cd7-b685-f19e610dc26d",
            "certificate_authority_arn": "",
            "certificate_body": null,
            "certificate_chain": null,
            "domain_name": "hasemato.com",
            "domain_validation_options": [
              {
                "domain_name": "hasemato.com",
                "resource_record_name": "_5d5e6c1e4eb0946b128cd3b3d0d3faf3.hasemato.com.",
                "resource_record_type": "CNAME",
                "resource_record_value": "_f8e740f4bee13b1c4259969dba8c5b06.djqtsrsxkq.acm-validations.aws."
              },
              {
                "domain_name": "wattlink-landing.hasemato.com",
                "resource_record_name": "_814af09d1121866d91458e697ab6dcc7.wattlink-landing.hasemato.com.",
                "resource_record_type": "CNAME",
                "resource_record_value": "_77582d11b4566e57c4590dd991ad649c.djqtsrsxkq.acm-validations.aws."
              },
              {
                "domain_name": "wattlink.hasemato.com",
                "resource_record_name": "_a9b643b017a366c52a7e6a319efa0c24.wattlink.hasemato.com.",
                "resource_record_type": "CNAME",
                "resource_record_value": "_a03e02afc0367a0cadbb96f1d46a19f5.djqtsrsxkq.acm-validations.aws."
              }
            ],
            "early_renewal_duration": "",
            "id": "arn:aws:acm:us-east-1:456004844534:certificate/745079b6-6231-4cd7-b685-f19e610dc26d",
            "key_algorithm": "RSA_2048",
            "not_after": "",
            "not_before": "",
            "options": [
              {
                "certificate_transparency_logging_preference": "ENABLED"
              }
            ],
            "pending_renewal": false,
            "private_key": null,
            "renewal_eligibility": "INELIGIBLE",
            "renewal_summary": [],
            "status": "PENDING_VALIDATION",
            "subject_alternative_names": [
              "hasemato.com",
              "wattlink-landing.hasemato.com",
              "wattlink.hasemato.com"
            ],
            "tags": null,
            "tags_all": {},
            "type": "AMAZON_ISSUED",
            "validation_emails": [],
            "validation_method": "DNS",
            "validation_option": []
          },
          "sensitive_attributes": [
            [
              {
                "type": "get_attr",
                "value": "private_key"
              }
            ]
          ],
          "private": "bnVsbA==",
          "create_before_destroy": true
        }
      ]
    },
    {
      "module": "module.acm_request_certificate",
      "mode": "managed",
      "type": "aws_acm_certificate_validation",
      "name": "default",
      "provider": "provider[\"registry.terraform.io/hashicorp/aws\"].aws-us-east-1",
      "instances": []
    },
    {
      "module": "module.acm_request_certificate",
      "mode": "managed",
      "type": "aws_route53_record",
      "name": "default",
      "provider": "provider[\"registry.terraform.io/hashicorp/aws\"].aws-us-east-1",
      "instances": [
        {
          "index_key": "hasemato.com",
          "schema_version": 2,
          "attributes": {
            "alias": [],
            "allow_overwrite": true,
            "cidr_routing_policy": [],
            "failover_routing_policy": [],
            "fqdn": "_5d5e6c1e4eb0946b128cd3b3d0d3faf3.hasemato.com",
            "geolocation_routing_policy": [],
            "geoproximity_routing_policy": [],
            "health_check_id": "",
            "id": "Z06437641R6SHV8X301QF__5d5e6c1e4eb0946b128cd3b3d0d3faf3.hasemato.com._CNAME",
            "latency_routing_policy": [],
            "multivalue_answer_routing_policy": false,
            "name": "_5d5e6c1e4eb0946b128cd3b3d0d3faf3.hasemato.com",
            "records": [
              "_f8e740f4bee13b1c4259969dba8c5b06.djqtsrsxkq.acm-validations.aws."
            ],
            "set_identifier": "",
            "ttl": 300,
            "type": "CNAME",
            "weighted_routing_policy": [],
            "zone_id": "Z06437641R6SHV8X301QF"
          },
          "sensitive_attributes": [],
          "private": "eyJzY2hlbWFfdmVyc2lvbiI6IjIifQ==",
          "dependencies": [
            "module.acm_request_certificate.aws_acm_certificate.default",
            "module.acm_request_certificate.data.aws_route53_zone.default"
          ]
        },
        {
          "index_key": "wattlink-landing.hasemato.com",
          "schema_version": 2,
          "attributes": {
            "alias": [],
            "allow_overwrite": true,
            "cidr_routing_policy": [],
            "failover_routing_policy": [],
            "fqdn": "_814af09d1121866d91458e697ab6dcc7.wattlink-landing.hasemato.com",
            "geolocation_routing_policy": [],
            "geoproximity_routing_policy": [],
            "health_check_id": "",
            "id": "Z06437641R6SHV8X301QF__814af09d1121866d91458e697ab6dcc7.wattlink-landing.hasemato.com._CNAME",
            "latency_routing_policy": [],
            "multivalue_answer_routing_policy": false,
            "name": "_814af09d1121866d91458e697ab6dcc7.wattlink-landing.hasemato.com",
            "records": [
              "_77582d11b4566e57c4590dd991ad649c.djqtsrsxkq.acm-validations.aws."
            ],
            "set_identifier": "",
            "ttl": 300,
            "type": "CNAME",
            "weighted_routing_policy": [],
            "zone_id": "Z06437641R6SHV8X301QF"
          },
          "sensitive_attributes": [],
          "private": "eyJzY2hlbWFfdmVyc2lvbiI6IjIifQ==",
          "dependencies": [
            "module.acm_request_certificate.aws_acm_certificate.default",
            "module.acm_request_certificate.data.aws_route53_zone.default"
          ]
        },
        {
          "index_key": "wattlink.hasemato.com",
          "schema_version": 2,
          "attributes": {
            "alias": [],
            "allow_overwrite": true,
            "cidr_routing_policy": [],
            "failover_routing_policy": [],
            "fqdn": "_a9b643b017a366c52a7e6a319efa0c24.wattlink.hasemato.com",
            "geolocation_routing_policy": [],
            "geoproximity_routing_policy": [],
            "health_check_id": "",
            "id": "Z06437641R6SHV8X301QF__a9b643b017a366c52a7e6a319efa0c24.wattlink.hasemato.com._CNAME",
            "latency_routing_policy": [],
            "multivalue_answer_routing_policy": false,
            "name": "_a9b643b017a366c52a7e6a319efa0c24.wattlink.hasemato.com",
            "records": [
              "_a03e02afc0367a0cadbb96f1d46a19f5.djqtsrsxkq.acm-validations.aws."
            ],
            "set_identifier": "",
            "ttl": 300,
            "type": "CNAME",
            "weighted_routing_policy": [],
            "zone_id": "Z06437641R6SHV8X301QF"
          },
          "sensitive_attributes": [],
          "private": "eyJzY2hlbWFfdmVyc2lvbiI6IjIifQ==",
          "dependencies": [
            "module.acm_request_certificate.aws_acm_certificate.default",
            "module.acm_request_certificate.data.aws_route53_zone.default"
          ]
        }
      ]
    },
    {
      "module": "module.cdn",
      "mode": "data",
      "type": "aws_caller_identity",
      "name": "current",
      "provider": "provider[\"registry.terraform.io/hashicorp/aws\"]",
      "instances": [
        {
          "schema_version": 0,
          "attributes": {
            "account_id": "456004844534",
            "arn": "arn:aws:iam::456004844534:user/lynqtech-macbook-iam",
            "id": "456004844534",
            "user_id": "AIDAWULABXP3AKVQLTVCP"
          },
          "sensitive_attributes": []
        }
      ]
    },
    {
      "module": "module.cdn",
      "mode": "data",
      "type": "aws_partition",
      "name": "current",
      "provider": "provider[\"registry.terraform.io/hashicorp/aws\"]",
      "instances": [
        {
          "index_key": 0,
          "schema_version": 0,
          "attributes": {
            "dns_suffix": "amazonaws.com",
            "id": "aws",
            "partition": "aws",
            "reverse_dns_prefix": "com.amazonaws"
          },
          "sensitive_attributes": []
        }
      ]
    },
    {
      "module": "module.cdn",
      "mode": "data",
      "type": "aws_region",
      "name": "current",
      "provider": "provider[\"registry.terraform.io/hashicorp/aws\"]",
      "instances": [
        {
          "index_key": 0,
          "schema_version": 0,
          "attributes": {
            "description": "Europe (Frankfurt)",
            "endpoint": "ec2.eu-central-1.amazonaws.com",
            "id": "eu-central-1",
            "name": "eu-central-1"
          },
          "sensitive_attributes": []
        }
      ]
    },
    {
      "module": "module.cdn",
      "mode": "data",
      "type": "aws_s3_bucket",
      "name": "cf_logs",
      "provider": "provider[\"registry.terraform.io/hashicorp/aws\"]",
      "instances": []
    },
    {
      "module": "module.cdn",
      "mode": "data",
      "type": "aws_s3_bucket",
      "name": "origin",
      "provider": "provider[\"registry.terraform.io/hashicorp/aws\"]",
      "instances": []
    },
    {
      "module": "module.cdn",
      "mode": "managed",
      "type": "aws_cloudfront_origin_access_control",
      "name": "default",
      "provider": "provider[\"registry.terraform.io/hashicorp/aws\"]",
      "instances": []
    },
    {
      "module": "module.cdn",
      "mode": "managed",
      "type": "aws_cloudfront_origin_access_identity",
      "name": "default",
      "provider": "provider[\"registry.terraform.io/hashicorp/aws\"]",
      "instances": [
        {
          "index_key": 0,
          "schema_version": 0,
          "attributes": {
            "caller_reference": "terraform-20241004082832139700000001",
            "cloudfront_access_identity_path": "origin-access-identity/cloudfront/EKIX4KYHF7G39",
            "comment": "wattlink-test-portal",
            "etag": "E1AP3NE4ZCEEPT",
            "iam_arn": "arn:aws:iam::cloudfront:user/CloudFront Origin Access Identity EKIX4KYHF7G39",
            "id": "EKIX4KYHF7G39",
            "s3_canonical_user_id": "96c47e7a85a52be8fcac540ecd8370dfedf36252b7300659d2578d5a53357c338d5e56095f05a1de61d77db711c8aeb4"
          },
          "sensitive_attributes": [],
          "private": "bnVsbA==",
          "dependencies": [
            "module.acm_request_certificate.aws_acm_certificate.default",
            "module.acm_request_certificate.aws_acm_certificate_validation.default",
            "module.acm_request_certificate.aws_route53_record.default",
            "module.acm_request_certificate.data.aws_route53_zone.default"
          ]
        }
      ]
    },
    {
      "module": "module.cdn",
      "mode": "managed",
      "type": "random_password",
      "name": "referer",
      "provider": "provider[\"registry.terraform.io/hashicorp/random\"]",
      "instances": []
    },
    {
      "module": "module.cdn.module.dns",
      "mode": "data",
      "type": "aws_route53_zone",
      "name": "default",
      "provider": "provider[\"registry.terraform.io/hashicorp/aws\"]",
      "instances": [
        {
          "index_key": 0,
          "schema_version": 0,
          "attributes": {
            "arn": "arn:aws:route53:::hostedzone/Z06437641R6SHV8X301QF",
            "caller_reference": "RISWorkflow-RD:5bbbc016-e7fd-48a0-bc29-9f053652a66d",
            "comment": "HostedZone created by Route53 Registrar",
            "id": "Z06437641R6SHV8X301QF",
            "linked_service_description": null,
            "linked_service_principal": null,
            "name": "hasemato.com",
            "name_servers": [
              "ns-527.awsdns-01.net",
              "ns-1818.awsdns-35.co.uk",
              "ns-330.awsdns-41.com",
              "ns-1514.awsdns-61.org"
            ],
            "primary_name_server": "ns-527.awsdns-01.net",
            "private_zone": false,
            "resource_record_set_count": 11,
            "tags": {},
            "vpc_id": null,
            "zone_id": "Z06437641R6SHV8X301QF"
          },
          "sensitive_attributes": []
        }
      ]
    },
    {
      "module": "module.cdn.module.logs",
      "mode": "data",
      "type": "aws_caller_identity",
      "name": "current",
      "provider": "provider[\"registry.terraform.io/hashicorp/aws\"]",
      "instances": [
        {
          "index_key": 0,
          "schema_version": 0,
          "attributes": {
            "account_id": "456004844534",
            "arn": "arn:aws:iam::456004844534:user/lynqtech-macbook-iam",
            "id": "456004844534",
            "user_id": "AIDAWULABXP3AKVQLTVCP"
          },
          "sensitive_attributes": []
        }
      ]
    },
    {
      "module": "module.cdn.module.logs",
      "mode": "data",
      "type": "aws_partition",
      "name": "current",
      "provider": "provider[\"registry.terraform.io/hashicorp/aws\"]",
      "instances": [
        {
          "index_key": 0,
          "schema_version": 0,
          "attributes": {
            "dns_suffix": "amazonaws.com",
            "id": "aws",
            "partition": "aws",
            "reverse_dns_prefix": "com.amazonaws"
          },
          "sensitive_attributes": []
        }
      ]
    },
    {
      "module": "module.cdn.module.logs.module.aws_s3_bucket",
      "mode": "data",
      "type": "aws_canonical_user_id",
      "name": "default",
      "provider": "provider[\"registry.terraform.io/hashicorp/aws\"]",
      "instances": [
        {
          "index_key": 0,
          "schema_version": 0,
          "attributes": {
            "display_name": "",
            "id": "30ab2a9766c1acf17cf0326867ed02b1315681c8b266a028a6c5d814df1bb322"
          },
          "sensitive_attributes": []
        }
      ]
    },
    {
      "module": "module.cdn.module.logs.module.aws_s3_bucket",
      "mode": "data",
      "type": "aws_partition",
      "name": "current",
      "provider": "provider[\"registry.terraform.io/hashicorp/aws\"]",
      "instances": [
        {
          "index_key": 0,
          "schema_version": 0,
          "attributes": {
            "dns_suffix": "amazonaws.com",
            "id": "aws",
            "partition": "aws",
            "reverse_dns_prefix": "com.amazonaws"
          },
          "sensitive_attributes": []
        }
      ]
    }
  ],
  "check_results": [
    {
      "object_kind": "var",
      "config_addr": "module.cdn.module.logs.var.label_key_case",
      "status": "pass",
      "objects": [
        {
          "object_addr": "module.cdn.module.logs.var.label_key_case",
          "status": "pass"
        }
      ]
    },
    {
      "object_kind": "var",
      "config_addr": "module.cdn.module.logs.module.aws_s3_bucket.module.s3_user.var.label_value_case",
      "status": "unknown",
      "objects": [
        {
          "object_addr": "module.cdn.module.logs.module.aws_s3_bucket.module.s3_user.var.label_value_case",
          "status": "unknown"
        }
      ]
    },
    {
      "object_kind": "var",
      "config_addr": "module.acm_request_certificate.var.label_value_case",
      "status": "pass",
      "objects": [
        {
          "object_addr": "module.acm_request_certificate.var.label_value_case",
          "status": "pass"
        }
      ]
    },
    {
      "object_kind": "var",
      "config_addr": "module.acm_request_certificate.var.domain_name",
      "status": "pass",
      "objects": [
        {
          "object_addr": "module.acm_request_certificate.var.domain_name",
          "status": "pass"
        }
      ]
    },
    {
      "object_kind": "var",
      "config_addr": "module.cdn.module.logs.module.aws_s3_bucket.module.s3_user.module.s3_user.var.label_value_case",
      "status": "unknown",
      "objects": [
        {
          "object_addr": "module.cdn.module.logs.module.aws_s3_bucket.module.s3_user.module.s3_user.var.label_value_case",
          "status": "unknown"
        }
      ]
    },
    {
      "object_kind": "var",
      "config_addr": "module.cdn.module.this.var.context",
      "status": "pass",
      "objects": [
        {
          "object_addr": "module.cdn.module.this.var.context",
          "status": "pass"
        }
      ]
    },
    {
      "object_kind": "var",
      "config_addr": "module.cdn.module.dns.var.id_length_limit",
      "status": "pass",
      "objects": [
        {
          "object_addr": "module.cdn.module.dns.var.id_length_limit",
          "status": "pass"
        }
      ]
    },
    {
      "object_kind": "var",
      "config_addr": "module.cdn.module.logs.module.this.var.id_length_limit",
      "status": "pass",
      "objects": [
        {
          "object_addr": "module.cdn.module.logs.module.this.var.id_length_limit",
          "status": "pass"
        }
      ]
    },
    {
      "object_kind": "var",
      "config_addr": "module.cdn.var.label_key_case",
      "status": "pass",
      "objects": [
        {
          "object_addr": "module.cdn.var.label_key_case",
          "status": "pass"
        }
      ]
    },
    {
      "object_kind": "var",
      "config_addr": "module.cdn.module.logs.module.bucket_name.var.id_length_limit",
      "status": "pass",
      "objects": [
        {
          "object_addr": "module.cdn.module.logs.module.bucket_name.var.id_length_limit",
          "status": "pass"
        }
      ]
    },
    {
      "object_kind": "var",
      "config_addr": "module.cdn.module.logs.module.aws_s3_bucket.var.label_key_case",
      "status": "pass",
      "objects": [
        {
          "object_addr": "module.cdn.module.logs.module.aws_s3_bucket.var.label_key_case",
          "status": "pass"
        }
      ]
    },
    {
      "object_kind": "var",
      "config_addr": "module.cdn.module.logs.module.bucket_name.var.context",
      "status": "pass",
      "objects": [
        {
          "object_addr": "module.cdn.module.logs.module.bucket_name.var.context",
          "status": "pass"
        }
      ]
    },
    {
      "object_kind": "var",
      "config_addr": "module.cdn.module.this.var.label_key_case",
      "status": "pass",
      "objects": [
        {
          "object_addr": "module.cdn.module.this.var.label_key_case",
          "status": "pass"
        }
      ]
    },
    {
      "object_kind": "var",
      "config_addr": "module.acm_request_certificate.var.subject_alternative_names",
      "status": "pass",
      "objects": [
        {
          "object_addr": "module.acm_request_certificate.var.subject_alternative_names",
          "status": "pass"
        }
      ]
    },
    {
      "object_kind": "var",
      "config_addr": "module.cdn.var.origin_access_control_signing_behavior",
      "status": "pass",
      "objects": [
        {
          "object_addr": "module.cdn.var.origin_access_control_signing_behavior",
          "status": "pass"
        }
      ]
    },
    {
      "object_kind": "var",
      "config_addr": "module.cdn.module.dns.module.this.var.id_length_limit",
      "status": "pass",
      "objects": [
        {
          "object_addr": "module.cdn.module.dns.module.this.var.id_length_limit",
          "status": "pass"
        }
      ]
    },
    {
      "object_kind": "var",
      "config_addr": "module.cdn.module.logs.module.aws_s3_bucket.module.s3_user.module.this.var.label_value_case",
      "status": "unknown",
      "objects": [
        {
          "object_addr": "module.cdn.module.logs.module.aws_s3_bucket.module.s3_user.module.this.var.label_value_case",
          "status": "unknown"
        }
      ]
    },
    {
      "object_kind": "var",
      "config_addr": "module.cdn.module.logs.var.context",
      "status": "pass",
      "objects": [
        {
          "object_addr": "module.cdn.module.logs.var.context",
          "status": "pass"
        }
      ]
    },
    {
      "object_kind": "var",
      "config_addr": "module.cdn.module.logs.module.aws_s3_bucket.module.s3_user.module.this.var.id_length_limit",
      "status": "unknown",
      "objects": [
        {
          "object_addr": "module.cdn.module.logs.module.aws_s3_bucket.module.s3_user.module.this.var.id_length_limit",
          "status": "unknown"
        }
      ]
    },
    {
      "object_kind": "var",
      "config_addr": "module.cdn.module.this.var.id_length_limit",
      "status": "pass",
      "objects": [
        {
          "object_addr": "module.cdn.module.this.var.id_length_limit",
          "status": "pass"
        }
      ]
    },
    {
      "object_kind": "var",
      "config_addr": "module.cdn.module.logs.module.aws_s3_bucket.module.this.var.label_value_case",
      "status": "pass",
      "objects": [
        {
          "object_addr": "module.cdn.module.logs.module.aws_s3_bucket.module.this.var.label_value_case",
          "status": "pass"
        }
      ]
    },
    {
      "object_kind": "var",
      "config_addr": "module.cdn.module.logs.module.aws_s3_bucket.module.s3_user.module.s3_user.var.id_length_limit",
      "status": "unknown",
      "objects": [
        {
          "object_addr": "module.cdn.module.logs.module.aws_s3_bucket.module.s3_user.module.s3_user.var.id_length_limit",
          "status": "unknown"
        }
      ]
    },
    {
      "object_kind": "var",
      "config_addr": "module.cdn.module.logs.module.aws_s3_bucket.module.s3_user.module.s3_user.module.store_write.module.this.var.id_length_limit",
      "status": "pass",
      "objects": null
    },
    {
      "object_kind": "var",
      "config_addr": "module.cdn.module.logs.module.aws_s3_bucket.module.this.var.id_length_limit",
      "status": "pass",
      "objects": [
        {
          "object_addr": "module.cdn.module.logs.module.aws_s3_bucket.module.this.var.id_length_limit",
          "status": "pass"
        }
      ]
    },
    {
      "object_kind": "var",
      "config_addr": "module.cdn.var.bucket_versioning",
      "status": "pass",
      "objects": [
        {
          "object_addr": "module.cdn.var.bucket_versioning",
          "status": "pass"
        }
      ]
    },
    {
      "object_kind": "var",
      "config_addr": "module.acm_request_certificate.var.label_key_case",
      "status": "pass",
      "objects": [
        {
          "object_addr": "module.acm_request_certificate.var.label_key_case",
          "status": "pass"
        }
      ]
    },
    {
      "object_kind": "var",
      "config_addr": "module.cdn.module.logs.module.this.var.label_key_case",
      "status": "pass",
      "objects": [
        {
          "object_addr": "module.cdn.module.logs.module.this.var.label_key_case",
          "status": "pass"
        }
      ]
    },
    {
      "object_kind": "var",
      "config_addr": "module.cdn.module.logs.module.aws_s3_bucket.module.s3_user.module.s3_user.module.store_write.module.this.var.label_value_case",
      "status": "pass",
      "objects": null
    },
    {
      "object_kind": "var",
      "config_addr": "module.cdn.module.origin_label.var.id_length_limit",
      "status": "pass",
      "objects": [
        {
          "object_addr": "module.cdn.module.origin_label.var.id_length_limit",
          "status": "pass"
        }
      ]
    },
    {
      "object_kind": "var",
      "config_addr": "module.cdn.module.logs.module.this.var.label_value_case",
      "status": "pass",
      "objects": [
        {
          "object_addr": "module.cdn.module.logs.module.this.var.label_value_case",
          "status": "pass"
        }
      ]
    },
    {
      "object_kind": "var",
      "config_addr": "module.cdn.module.logs.module.this.var.context",
      "status": "pass",
      "objects": [
        {
          "object_addr": "module.cdn.module.logs.module.this.var.context",
          "status": "pass"
        }
      ]
    },
    {
      "object_kind": "var",
      "config_addr": "module.cdn.module.logs.module.aws_s3_bucket.var.context",
      "status": "pass",
      "objects": [
        {
          "object_addr": "module.cdn.module.logs.module.aws_s3_bucket.var.context",
          "status": "pass"
        }
      ]
    },
    {
      "object_kind": "var",
      "config_addr": "module.acm_request_certificate.var.context",
      "status": "pass",
      "objects": [
        {
          "object_addr": "module.acm_request_certificate.var.context",
          "status": "pass"
        }
      ]
    },
    {
      "object_kind": "var",
      "config_addr": "module.cdn.module.logs.module.aws_s3_bucket.module.this.var.context",
      "status": "pass",
      "objects": [
        {
          "object_addr": "module.cdn.module.logs.module.aws_s3_bucket.module.this.var.context",
          "status": "pass"
        }
      ]
    },
    {
      "object_kind": "var",
      "config_addr": "module.cdn.module.logs.module.aws_s3_bucket.var.website_redirect_all_requests_to",
      "status": "unknown",
      "objects": [
        {
          "object_addr": "module.cdn.module.logs.module.aws_s3_bucket.var.website_redirect_all_requests_to",
          "status": "unknown"
        }
      ]
    },
    {
      "object_kind": "var",
      "config_addr": "module.acm_request_certificate.module.this.var.label_value_case",
      "status": "pass",
      "objects": [
        {
          "object_addr": "module.acm_request_certificate.module.this.var.label_value_case",
          "status": "pass"
        }
      ]
    },
    {
      "object_kind": "var",
      "config_addr": "module.cdn.module.dns.module.this.var.context",
      "status": "pass",
      "objects": [
        {
          "object_addr": "module.cdn.module.dns.module.this.var.context",
          "status": "pass"
        }
      ]
    },
    {
      "object_kind": "var",
      "config_addr": "module.cdn.module.logs.module.aws_s3_bucket.module.s3_user.module.s3_user.module.this.var.context",
      "status": "unknown",
      "objects": [
        {
          "object_addr": "module.cdn.module.logs.module.aws_s3_bucket.module.s3_user.module.s3_user.module.this.var.context",
          "status": "unknown"
        }
      ]
    },
    {
      "object_kind": "var",
      "config_addr": "module.cdn.module.logs.module.aws_s3_bucket.module.s3_user.module.s3_user.module.store_write.module.this.var.label_key_case",
      "status": "pass",
      "objects": null
    },
    {
      "object_kind": "var",
      "config_addr": "module.cdn.module.logs.module.aws_s3_bucket.var.id_length_limit",
      "status": "pass",
      "objects": [
        {
          "object_addr": "module.cdn.module.logs.module.aws_s3_bucket.var.id_length_limit",
          "status": "pass"
        }
      ]
    },
    {
      "object_kind": "var",
      "config_addr": "module.cdn.module.logs.module.bucket_name.var.label_value_case",
      "status": "pass",
      "objects": [
        {
          "object_addr": "module.cdn.module.logs.module.bucket_name.var.label_value_case",
          "status": "pass"
        }
      ]
    },
    {
      "object_kind": "var",
      "config_addr": "module.acm_request_certificate.var.id_length_limit",
      "status": "pass",
      "objects": [
        {
          "object_addr": "module.acm_request_certificate.var.id_length_limit",
          "status": "pass"
        }
      ]
    },
    {
      "object_kind": "var",
      "config_addr": "module.cdn.module.logs.module.aws_s3_bucket.module.s3_user.var.label_key_case",
      "status": "unknown",
      "objects": [
        {
          "object_addr": "module.cdn.module.logs.module.aws_s3_bucket.module.s3_user.var.label_key_case",
          "status": "unknown"
        }
      ]
    },
    {
      "object_kind": "var",
      "config_addr": "module.acm_request_certificate.module.this.var.id_length_limit",
      "status": "pass",
      "objects": [
        {
          "object_addr": "module.acm_request_certificate.module.this.var.id_length_limit",
          "status": "pass"
        }
      ]
    },
    {
      "object_kind": "var",
      "config_addr": "module.cdn.module.dns.module.this.var.label_value_case",
      "status": "pass",
      "objects": [
        {
          "object_addr": "module.cdn.module.dns.module.this.var.label_value_case",
          "status": "pass"
        }
      ]
    },
    {
      "object_kind": "var",
      "config_addr": "module.cdn.module.logs.module.aws_s3_bucket.var.website_configuration",
      "status": "unknown",
      "objects": [
        {
          "object_addr": "module.cdn.module.logs.module.aws_s3_bucket.var.website_configuration",
          "status": "unknown"
        }
      ]
    },
    {
      "object_kind": "var",
      "config_addr": "module.cdn.module.logs.module.aws_s3_bucket.module.s3_user.module.s3_user.var.label_key_case",
      "status": "unknown",
      "objects": [
        {
          "object_addr": "module.cdn.module.logs.module.aws_s3_bucket.module.s3_user.module.s3_user.var.label_key_case",
          "status": "unknown"
        }
      ]
    },
    {
      "object_kind": "var",
      "config_addr": "module.cdn.var.context",
      "status": "pass",
      "objects": [
        {
          "object_addr": "module.cdn.var.context",
          "status": "pass"
        }
      ]
    },
    {
      "object_kind": "var",
      "config_addr": "module.cdn.module.dns.var.label_key_case",
      "status": "pass",
      "objects": [
        {
          "object_addr": "module.cdn.module.dns.var.label_key_case",
          "status": "pass"
        }
      ]
    },
    {
      "object_kind": "var",
      "config_addr": "module.cdn.module.origin_label.var.context",
      "status": "pass",
      "objects": [
        {
          "object_addr": "module.cdn.module.origin_label.var.context",
          "status": "pass"
        }
      ]
    },
    {
      "object_kind": "var",
      "config_addr": "module.cdn.module.logs.module.aws_s3_bucket.module.s3_user.module.s3_user.var.context",
      "status": "unknown",
      "objects": [
        {
          "object_addr": "module.cdn.module.logs.module.aws_s3_bucket.module.s3_user.module.s3_user.var.context",
          "status": "unknown"
        }
      ]
    },
    {
      "object_kind": "var",
      "config_addr": "module.cdn.module.this.var.label_value_case",
      "status": "pass",
      "objects": [
        {
          "object_addr": "module.cdn.module.this.var.label_value_case",
          "status": "pass"
        }
      ]
    },
    {
      "object_kind": "var",
      "config_addr": "module.cdn.module.logs.module.aws_s3_bucket.module.s3_user.module.s3_user.module.store_write.var.id_length_limit",
      "status": "pass",
      "objects": null
    },
    {
      "object_kind": "var",
      "config_addr": "module.cdn.module.logs.module.aws_s3_bucket.module.s3_user.module.this.var.context",
      "status": "unknown",
      "objects": [
        {
          "object_addr": "module.cdn.module.logs.module.aws_s3_bucket.module.s3_user.module.this.var.context",
          "status": "unknown"
        }
      ]
    },
    {
      "object_kind": "var",
      "config_addr": "module.cdn.module.logs.module.aws_s3_bucket.module.s3_user.module.s3_user.module.store_write.module.this.var.context",
      "status": "pass",
      "objects": null
    },
    {
      "object_kind": "var",
      "config_addr": "module.cdn.module.logs.module.aws_s3_bucket.module.s3_user.var.context",
      "status": "unknown",
      "objects": [
        {
          "object_addr": "module.cdn.module.logs.module.aws_s3_bucket.module.s3_user.var.context",
          "status": "unknown"
        }
      ]
    },
    {
      "object_kind": "var",
      "config_addr": "module.cdn.module.logs.module.aws_s3_bucket.module.s3_user.module.s3_user.module.this.var.label_key_case",
      "status": "unknown",
      "objects": [
        {
          "object_addr": "module.cdn.module.logs.module.aws_s3_bucket.module.s3_user.module.s3_user.module.this.var.label_key_case",
          "status": "unknown"
        }
      ]
    },
    {
      "object_kind": "var",
      "config_addr": "module.cdn.module.logs.var.id_length_limit",
      "status": "pass",
      "objects": [
        {
          "object_addr": "module.cdn.module.logs.var.id_length_limit",
          "status": "pass"
        }
      ]
    },
    {
      "object_kind": "var",
      "config_addr": "module.cdn.module.logs.module.aws_s3_bucket.module.this.var.label_key_case",
      "status": "pass",
      "objects": [
        {
          "object_addr": "module.cdn.module.logs.module.aws_s3_bucket.module.this.var.label_key_case",
          "status": "pass"
        }
      ]
    },
    {
      "object_kind": "var",
      "config_addr": "module.cdn.module.logs.module.aws_s3_bucket.module.s3_user.module.s3_user.module.store_write.var.context",
      "status": "pass",
      "objects": null
    },
    {
      "object_kind": "var",
      "config_addr": "module.cdn.var.id_length_limit",
      "status": "pass",
      "objects": [
        {
          "object_addr": "module.cdn.var.id_length_limit",
          "status": "pass"
        }
      ]
    },
    {
      "object_kind": "var",
      "config_addr": "module.cdn.module.logs.module.aws_s3_bucket.module.s3_user.module.this.var.label_key_case",
      "status": "unknown",
      "objects": [
        {
          "object_addr": "module.cdn.module.logs.module.aws_s3_bucket.module.s3_user.module.this.var.label_key_case",
          "status": "unknown"
        }
      ]
    },
    {
      "object_kind": "var",
      "config_addr": "module.cdn.module.logs.module.aws_s3_bucket.module.s3_user.var.id_length_limit",
      "status": "unknown",
      "objects": [
        {
          "object_addr": "module.cdn.module.logs.module.aws_s3_bucket.module.s3_user.var.id_length_limit",
          "status": "unknown"
        }
      ]
    },
    {
      "object_kind": "var",
      "config_addr": "module.acm_request_certificate.module.this.var.label_key_case",
      "status": "pass",
      "objects": [
        {
          "object_addr": "module.acm_request_certificate.module.this.var.label_key_case",
          "status": "pass"
        }
      ]
    },
    {
      "object_kind": "var",
      "config_addr": "module.cdn.module.dns.module.this.var.label_key_case",
      "status": "pass",
      "objects": [
        {
          "object_addr": "module.cdn.module.dns.module.this.var.label_key_case",
          "status": "pass"
        }
      ]
    },
    {
      "object_kind": "var",
      "config_addr": "module.cdn.module.logs.module.aws_s3_bucket.module.s3_user.module.s3_user.module.store_write.var.label_key_case",
      "status": "pass",
      "objects": null
    },
    {
      "object_kind": "var",
      "config_addr": "module.cdn.module.origin_label.var.label_key_case",
      "status": "pass",
      "objects": [
        {
          "object_addr": "module.cdn.module.origin_label.var.label_key_case",
          "status": "pass"
        }
      ]
    },
    {
      "object_kind": "var",
      "config_addr": "module.cdn.module.logs.module.aws_s3_bucket.module.s3_user.module.s3_user.module.this.var.label_value_case",
      "status": "unknown",
      "objects": [
        {
          "object_addr": "module.cdn.module.logs.module.aws_s3_bucket.module.s3_user.module.s3_user.module.this.var.label_value_case",
          "status": "unknown"
        }
      ]
    },
    {
      "object_kind": "var",
      "config_addr": "module.cdn.module.logs.module.aws_s3_bucket.module.s3_user.module.s3_user.module.this.var.id_length_limit",
      "status": "unknown",
      "objects": [
        {
          "object_addr": "module.cdn.module.logs.module.aws_s3_bucket.module.s3_user.module.s3_user.module.this.var.id_length_limit",
          "status": "unknown"
        }
      ]
    },
    {
      "object_kind": "var",
      "config_addr": "module.acm_request_certificate.module.this.var.context",
      "status": "pass",
      "objects": [
        {
          "object_addr": "module.acm_request_certificate.module.this.var.context",
          "status": "pass"
        }
      ]
    },
    {
      "object_kind": "var",
      "config_addr": "module.cdn.module.logs.var.label_value_case",
      "status": "pass",
      "objects": [
        {
          "object_addr": "module.cdn.module.logs.var.label_value_case",
          "status": "pass"
        }
      ]
    },
    {
      "object_kind": "var",
      "config_addr": "module.cdn.module.logs.module.aws_s3_bucket.var.label_value_case",
      "status": "pass",
      "objects": [
        {
          "object_addr": "module.cdn.module.logs.module.aws_s3_bucket.var.label_value_case",
          "status": "pass"
        }
      ]
    },
    {
      "object_kind": "var",
      "config_addr": "module.cdn.module.dns.var.label_value_case",
      "status": "pass",
      "objects": [
        {
          "object_addr": "module.cdn.module.dns.var.label_value_case",
          "status": "pass"
        }
      ]
    },
    {
      "object_kind": "var",
      "config_addr": "module.cdn.var.origin_access_type",
      "status": "pass",
      "objects": [
        {
          "object_addr": "module.cdn.var.origin_access_type",
          "status": "pass"
        }
      ]
    },
    {
      "object_kind": "var",
      "config_addr": "module.cdn.var.label_value_case",
      "status": "pass",
      "objects": [
        {
          "object_addr": "module.cdn.var.label_value_case",
          "status": "pass"
        }
      ]
    },
    {
      "object_kind": "var",
      "config_addr": "module.cdn.module.logs.module.aws_s3_bucket.module.s3_user.module.s3_user.module.store_write.var.label_value_case",
      "status": "pass",
      "objects": null
    },
    {
      "object_kind": "var",
      "config_addr": "module.cdn.module.logs.module.bucket_name.var.label_key_case",
      "status": "pass",
      "objects": [
        {
          "object_addr": "module.cdn.module.logs.module.bucket_name.var.label_key_case",
          "status": "pass"
        }
      ]
    },
    {
      "object_kind": "var",
      "config_addr": "module.cdn.module.origin_label.var.label_value_case",
      "status": "pass",
      "objects": [
        {
          "object_addr": "module.cdn.module.origin_label.var.label_value_case",
          "status": "pass"
        }
      ]
    },
    {
      "object_kind": "var",
      "config_addr": "module.cdn.module.dns.var.context",
      "status": "pass",
      "objects": [
        {
          "object_addr": "module.cdn.module.dns.var.context",
          "status": "pass"
        }
      ]
    }
  ]
}
