{
  "version": 4,
  "terraform_version": "1.9.5",
  "serial": 46,
  "lineage": "8f2d3ef6-dc6c-2ad9-4db9-2105b92f7bc9",
  "outputs": {},
  "resources": [
    {
      "module": "module.acm_request_certificate",
      "mode": "data",
      "type": "aws_route53_zone",
      "name": "default",
      "provider": "provider[\"registry.terraform.io/hashicorp/aws\"].aws-us-east-1",
      "instances": [
        {
          "index_key": 0,
          "schema_version": 0,
          "attributes": {
            "arn": "arn:aws:route53:::hostedzone/Z06437641R6SHV8X301QF",
            "caller_reference": "RISWorkflow-RD:5bbbc016-e7fd-48a0-bc29-9f053652a66d",
            "comment": "HostedZone created by Route53 Registrar",
            "id": "Z06437641R6SHV8X301QF",
            "linked_service_description": null,
            "linked_service_principal": null,
            "name": "hasemato.com",
            "name_servers": [
              "ns-527.awsdns-01.net",
              "ns-1818.awsdns-35.co.uk",
              "ns-330.awsdns-41.com",
              "ns-1514.awsdns-61.org"
            ],
            "primary_name_server": "ns-527.awsdns-01.net",
            "private_zone": false,
            "resource_record_set_count": 11,
            "tags": {},
            "vpc_id": null,
            "zone_id": "Z06437641R6SHV8X301QF"
          },
          "sensitive_attributes": []
        }
      ]
    },
    {
      "module": "module.acm_request_certificate",
      "mode": "managed",
      "type": "aws_acm_certificate",
      "name": "default",
      "provider": "provider[\"registry.terraform.io/hashicorp/aws\"].aws-us-east-1",
      "instances": [
        {
          "index_key": 0,
          "schema_version": 0,
          "attributes": {
            "arn": "arn:aws:acm:us-east-1:456004844534:certificate/745079b6-6231-4cd7-b685-f19e610dc26d",
            "certificate_authority_arn": "",
            "certificate_body": null,
            "certificate_chain": null,
            "domain_name": "hasemato.com",
            "domain_validation_options": [
              {
                "domain_name": "hasemato.com",
                "resource_record_name": "_5d5e6c1e4eb0946b128cd3b3d0d3faf3.hasemato.com.",
                "resource_record_type": "CNAME",
                "resource_record_value": "_f8e740f4bee13b1c4259969dba8c5b06.djqtsrsxkq.acm-validations.aws."
              },
              {
                "domain_name": "wattlink-landing.hasemato.com",
                "resource_record_name": "_814af09d1121866d91458e697ab6dcc7.wattlink-landing.hasemato.com.",
                "resource_record_type": "CNAME",
                "resource_record_value": "_77582d11b4566e57c4590dd991ad649c.djqtsrsxkq.acm-validations.aws."
              },
              {
                "domain_name": "wattlink.hasemato.com",
                "resource_record_name": "_a9b643b017a366c52a7e6a319efa0c24.wattlink.hasemato.com.",
                "resource_record_type": "CNAME",
                "resource_record_value": "_a03e02afc0367a0cadbb96f1d46a19f5.djqtsrsxkq.acm-validations.aws."
              }
            ],
            "early_renewal_duration": "",
            "id": "arn:aws:acm:us-east-1:456004844534:certificate/745079b6-6231-4cd7-b685-f19e610dc26d",
            "key_algorithm": "RSA_2048",
            "not_after": "2025-11-02T23:59:59Z",
            "not_before": "2024-10-04T00:00:00Z",
            "options": [
              {
                "certificate_transparency_logging_preference": "ENABLED"
              }
            ],
            "pending_renewal": false,
            "private_key": null,
            "renewal_eligibility": "INELIGIBLE",
            "renewal_summary": [],
            "status": "ISSUED",
            "subject_alternative_names": [
              "hasemato.com",
              "wattlink-landing.hasemato.com",
              "wattlink.hasemato.com"
            ],
            "tags": {},
            "tags_all": {},
            "type": "AMAZON_ISSUED",
            "validation_emails": [],
            "validation_method": "DNS",
            "validation_option": []
          },
          "sensitive_attributes": [
            [
              {
                "type": "get_attr",
                "value": "private_key"
              }
            ]
          ],
          "private": "bnVsbA==",
          "create_before_destroy": true
        }
      ]
    },
    {
      "module": "module.acm_request_certificate",
      "mode": "managed",
      "type": "aws_route53_record",
      "name": "default",
      "provider": "provider[\"registry.terraform.io/hashicorp/aws\"].aws-us-east-1",
      "instances": [
        {
          "index_key": "hasemato.com",
          "schema_version": 2,
          "attributes": {
            "alias": [],
            "allow_overwrite": true,
            "cidr_routing_policy": [],
            "failover_routing_policy": [],
            "fqdn": "_5d5e6c1e4eb0946b128cd3b3d0d3faf3.hasemato.com",
            "geolocation_routing_policy": [],
            "geoproximity_routing_policy": [],
            "health_check_id": "",
            "id": "Z06437641R6SHV8X301QF__5d5e6c1e4eb0946b128cd3b3d0d3faf3.hasemato.com._CNAME",
            "latency_routing_policy": [],
            "multivalue_answer_routing_policy": false,
            "name": "_5d5e6c1e4eb0946b128cd3b3d0d3faf3.hasemato.com",
            "records": [
              "_f8e740f4bee13b1c4259969dba8c5b06.djqtsrsxkq.acm-validations.aws."
            ],
            "set_identifier": "",
            "ttl": 300,
            "type": "CNAME",
            "weighted_routing_policy": [],
            "zone_id": "Z06437641R6SHV8X301QF"
          },
          "sensitive_attributes": [],
          "private": "eyJzY2hlbWFfdmVyc2lvbiI6IjIifQ==",
          "dependencies": [
            "module.acm_request_certificate.aws_acm_certificate.default",
            "module.acm_request_certificate.data.aws_route53_zone.default"
          ],
          "create_before_destroy": true
        },
        {
          "index_key": "wattlink-landing.hasemato.com",
          "schema_version": 2,
          "attributes": {
            "alias": [],
            "allow_overwrite": true,
            "cidr_routing_policy": [],
            "failover_routing_policy": [],
            "fqdn": "_814af09d1121866d91458e697ab6dcc7.wattlink-landing.hasemato.com",
            "geolocation_routing_policy": [],
            "geoproximity_routing_policy": [],
            "health_check_id": "",
            "id": "Z06437641R6SHV8X301QF__814af09d1121866d91458e697ab6dcc7.wattlink-landing.hasemato.com._CNAME",
            "latency_routing_policy": [],
            "multivalue_answer_routing_policy": false,
            "name": "_814af09d1121866d91458e697ab6dcc7.wattlink-landing.hasemato.com",
            "records": [
              "_77582d11b4566e57c4590dd991ad649c.djqtsrsxkq.acm-validations.aws."
            ],
            "set_identifier": "",
            "ttl": 300,
            "type": "CNAME",
            "weighted_routing_policy": [],
            "zone_id": "Z06437641R6SHV8X301QF"
          },
          "sensitive_attributes": [],
          "private": "eyJzY2hlbWFfdmVyc2lvbiI6IjIifQ==",
          "dependencies": [
            "module.acm_request_certificate.aws_acm_certificate.default",
            "module.acm_request_certificate.data.aws_route53_zone.default"
          ],
          "create_before_destroy": true
        },
        {
          "index_key": "wattlink.hasemato.com",
          "schema_version": 2,
          "attributes": {
            "alias": [],
            "allow_overwrite": true,
            "cidr_routing_policy": [],
            "failover_routing_policy": [],
            "fqdn": "_a9b643b017a366c52a7e6a319efa0c24.wattlink.hasemato.com",
            "geolocation_routing_policy": [],
            "geoproximity_routing_policy": [],
            "health_check_id": "",
            "id": "Z06437641R6SHV8X301QF__a9b643b017a366c52a7e6a319efa0c24.wattlink.hasemato.com._CNAME",
            "latency_routing_policy": [],
            "multivalue_answer_routing_policy": false,
            "name": "_a9b643b017a366c52a7e6a319efa0c24.wattlink.hasemato.com",
            "records": [
              "_a03e02afc0367a0cadbb96f1d46a19f5.djqtsrsxkq.acm-validations.aws."
            ],
            "set_identifier": "",
            "ttl": 300,
            "type": "CNAME",
            "weighted_routing_policy": [],
            "zone_id": "Z06437641R6SHV8X301QF"
          },
          "sensitive_attributes": [],
          "private": "eyJzY2hlbWFfdmVyc2lvbiI6IjIifQ==",
          "dependencies": [
            "module.acm_request_certificate.aws_acm_certificate.default",
            "module.acm_request_certificate.data.aws_route53_zone.default"
          ],
          "create_before_destroy": true
        }
      ]
    },
    {
      "module": "module.cdn",
      "mode": "data",
      "type": "aws_caller_identity",
      "name": "current",
      "provider": "provider[\"registry.terraform.io/hashicorp/aws\"]",
      "instances": [
        {
          "schema_version": 0,
          "attributes": {
            "account_id": "456004844534",
            "arn": "arn:aws:iam::456004844534:user/lynqtech-macbook-iam",
            "id": "456004844534",
            "user_id": "AIDAWULABXP3AKVQLTVCP"
          },
          "sensitive_attributes": []
        }
      ]
    },
    {
      "module": "module.cdn",
      "mode": "data",
      "type": "aws_iam_policy_document",
      "name": "combined",
      "provider": "provider[\"registry.terraform.io/hashicorp/aws\"]",
      "instances": [
        {
          "index_key": 0,
          "schema_version": 0,
          "attributes": {
            "id": "3689029869",
            "json": "{\n  \"Version\": \"2012-10-17\",\n  \"Statement\": [\n    {\n      \"Sid\": \"S3GetObjectForCloudFront\",\n      \"Effect\": \"Allow\",\n      \"Action\": \"s3:GetObject\",\n      \"Resource\": \"arn:aws:s3:::wattlink-test-landing-origin/*\",\n      \"Principal\": {\n        \"AWS\": \"arn:aws:iam::cloudfront:user/CloudFront Origin Access Identity EKIX4KYHF7G39\"\n      }\n    },\n    {\n      \"Sid\": \"S3ListBucketForCloudFront\",\n      \"Effect\": \"Allow\",\n      \"Action\": \"s3:ListBucket\",\n      \"Resource\": \"arn:aws:s3:::wattlink-test-landing-origin\",\n      \"Principal\": {\n        \"AWS\": \"arn:aws:iam::cloudfront:user/CloudFront Origin Access Identity EKIX4KYHF7G39\"\n      }\n    },\n    {\n      \"Sid\": \"ForceSSLOnlyAccess\",\n      \"Effect\": \"Deny\",\n      \"Action\": \"s3:*\",\n      \"Resource\": [\n        \"arn:aws:s3:::wattlink-test-landing-origin/*\",\n        \"arn:aws:s3:::wattlink-test-landing-origin\"\n      ],\n      \"Principal\": \"*\",\n      \"Condition\": {\n        \"Bool\": {\n          \"aws:SecureTransport\": \"false\"\n        }\n      }\n    },\n    {\n      \"Effect\": \"Allow\",\n      \"Action\": [\n        \"s3:PutObjectAcl\",\n        \"s3:PutObject\",\n        \"s3:ListBucketMultipartUploads\",\n        \"s3:ListBucket\",\n        \"s3:GetObject\",\n        \"s3:GetBucketLocation\",\n        \"s3:DeleteObject\",\n        \"s3:AbortMultipartUpload\"\n      ],\n      \"Resource\": [\n        \"arn:aws:s3:::wattlink-test-landing-origin/*\",\n        \"arn:aws:s3:::wattlink-test-landing-origin\"\n      ],\n      \"Principal\": {\n        \"AWS\": \"arn:aws:iam::456004844534:user/lynqtech-macbook-iam\"\n      }\n    }\n  ]\n}",
            "minified_json": "{\"Version\":\"2012-10-17\",\"Statement\":[{\"Sid\":\"S3GetObjectForCloudFront\",\"Effect\":\"Allow\",\"Action\":\"s3:GetObject\",\"Resource\":\"arn:aws:s3:::wattlink-test-landing-origin/*\",\"Principal\":{\"AWS\":\"arn:aws:iam::cloudfront:user/CloudFront Origin Access Identity EKIX4KYHF7G39\"}},{\"Sid\":\"S3ListBucketForCloudFront\",\"Effect\":\"Allow\",\"Action\":\"s3:ListBucket\",\"Resource\":\"arn:aws:s3:::wattlink-test-landing-origin\",\"Principal\":{\"AWS\":\"arn:aws:iam::cloudfront:user/CloudFront Origin Access Identity EKIX4KYHF7G39\"}},{\"Sid\":\"ForceSSLOnlyAccess\",\"Effect\":\"Deny\",\"Action\":\"s3:*\",\"Resource\":[\"arn:aws:s3:::wattlink-test-landing-origin/*\",\"arn:aws:s3:::wattlink-test-landing-origin\"],\"Principal\":\"*\",\"Condition\":{\"Bool\":{\"aws:SecureTransport\":\"false\"}}},{\"Effect\":\"Allow\",\"Action\":[\"s3:PutObjectAcl\",\"s3:PutObject\",\"s3:ListBucketMultipartUploads\",\"s3:ListBucket\",\"s3:GetObject\",\"s3:GetBucketLocation\",\"s3:DeleteObject\",\"s3:AbortMultipartUpload\"],\"Resource\":[\"arn:aws:s3:::wattlink-test-landing-origin/*\",\"arn:aws:s3:::wattlink-test-landing-origin\"],\"Principal\":{\"AWS\":\"arn:aws:iam::456004844534:user/lynqtech-macbook-iam\"}}]}",
            "override_json": null,
            "override_policy_documents": null,
            "policy_id": null,
            "source_json": null,
            "source_policy_documents": [
              "{\n  \"Version\": \"2012-10-17\",\n  \"Statement\": [\n    {\n      \"Sid\": \"S3GetObjectForCloudFront\",\n      \"Effect\": \"Allow\",\n      \"Action\": \"s3:GetObject\",\n      \"Resource\": \"arn:aws:s3:::wattlink-test-landing-origin/*\",\n      \"Principal\": {\n        \"AWS\": \"arn:aws:iam::cloudfront:user/CloudFront Origin Access Identity EKIX4KYHF7G39\"\n      }\n    },\n    {\n      \"Sid\": \"S3ListBucketForCloudFront\",\n      \"Effect\": \"Allow\",\n      \"Action\": \"s3:ListBucket\",\n      \"Resource\": \"arn:aws:s3:::wattlink-test-landing-origin\",\n      \"Principal\": {\n        \"AWS\": \"arn:aws:iam::cloudfront:user/CloudFront Origin Access Identity EKIX4KYHF7G39\"\n      }\n    }\n  ]\n}",
              "{\n  \"Version\": \"2012-10-17\",\n  \"Statement\": [\n    {\n      \"Sid\": \"ForceSSLOnlyAccess\",\n      \"Effect\": \"Deny\",\n      \"Action\": \"s3:*\",\n      \"Resource\": [\n        \"arn:aws:s3:::wattlink-test-landing-origin/*\",\n        \"arn:aws:s3:::wattlink-test-landing-origin\"\n      ],\n      \"Principal\": \"*\",\n      \"Condition\": {\n        \"Bool\": {\n          \"aws:SecureTransport\": \"false\"\n        }\n      }\n    }\n  ]\n}",
              "{\n  \"Version\": \"2012-10-17\",\n  \"Statement\": [\n    {\n      \"Effect\": \"Allow\",\n      \"Action\": [\n        \"s3:PutObjectAcl\",\n        \"s3:PutObject\",\n        \"s3:ListBucketMultipartUploads\",\n        \"s3:ListBucket\",\n        \"s3:GetObject\",\n        \"s3:GetBucketLocation\",\n        \"s3:DeleteObject\",\n        \"s3:AbortMultipartUpload\"\n      ],\n      \"Resource\": [\n        \"arn:aws:s3:::wattlink-test-landing-origin/*\",\n        \"arn:aws:s3:::wattlink-test-landing-origin\"\n      ],\n      \"Principal\": {\n        \"AWS\": \"arn:aws:iam::456004844534:user/lynqtech-macbook-iam\"\n      }\n    }\n  ]\n}"
            ],
            "statement": null,
            "version": "2012-10-17"
          },
          "sensitive_attributes": []
        }
      ]
    },
    {
      "module": "module.cdn",
      "mode": "data",
      "type": "aws_iam_policy_document",
      "name": "deployment",
      "provider": "provider[\"registry.terraform.io/hashicorp/aws\"]",
      "instances": [
        {
          "index_key": "arn:aws:iam::456004844534:user/lynqtech-macbook-iam",
          "schema_version": 0,
          "attributes": {
            "id": "1445004535",
            "json": "{\n  \"Version\": \"2012-10-17\",\n  \"Statement\": [\n    {\n      \"Effect\": \"Allow\",\n      \"Action\": [\n        \"s3:PutObjectAcl\",\n        \"s3:PutObject\",\n        \"s3:ListBucketMultipartUploads\",\n        \"s3:ListBucket\",\n        \"s3:GetObject\",\n        \"s3:GetBucketLocation\",\n        \"s3:DeleteObject\",\n        \"s3:AbortMultipartUpload\"\n      ],\n      \"Resource\": [\n        \"arn:aws:s3:::wattlink-test-landing-origin/*\",\n        \"arn:aws:s3:::wattlink-test-landing-origin\"\n      ],\n      \"Principal\": {\n        \"AWS\": \"arn:aws:iam::456004844534:user/lynqtech-macbook-iam\"\n      }\n    }\n  ]\n}",
            "minified_json": "{\"Version\":\"2012-10-17\",\"Statement\":[{\"Effect\":\"Allow\",\"Action\":[\"s3:PutObjectAcl\",\"s3:PutObject\",\"s3:ListBucketMultipartUploads\",\"s3:ListBucket\",\"s3:GetObject\",\"s3:GetBucketLocation\",\"s3:DeleteObject\",\"s3:AbortMultipartUpload\"],\"Resource\":[\"arn:aws:s3:::wattlink-test-landing-origin/*\",\"arn:aws:s3:::wattlink-test-landing-origin\"],\"Principal\":{\"AWS\":\"arn:aws:iam::456004844534:user/lynqtech-macbook-iam\"}}]}",
            "override_json": null,
            "override_policy_documents": null,
            "policy_id": null,
            "source_json": null,
            "source_policy_documents": null,
            "statement": [
              {
                "actions": [
                  "s3:AbortMultipartUpload",
                  "s3:DeleteObject",
                  "s3:GetBucketLocation",
                  "s3:GetObject",
                  "s3:ListBucket",
                  "s3:ListBucketMultipartUploads",
                  "s3:PutObject",
                  "s3:PutObjectAcl"
                ],
                "condition": [],
                "effect": "Allow",
                "not_actions": [],
                "not_principals": [],
                "not_resources": [],
                "principals": [
                  {
                    "identifiers": [
                      "arn:aws:iam::456004844534:user/lynqtech-macbook-iam"
                    ],
                    "type": "AWS"
                  }
                ],
                "resources": [
                  "arn:aws:s3:::wattlink-test-landing-origin",
                  "arn:aws:s3:::wattlink-test-landing-origin/*"
                ],
                "sid": ""
              }
            ],
            "version": "2012-10-17"
          },
          "sensitive_attributes": []
        }
      ]
    },
    {
      "module": "module.cdn",
      "mode": "data",
      "type": "aws_iam_policy_document",
      "name": "s3_origin_access_identity",
      "provider": "provider[\"registry.terraform.io/hashicorp/aws\"]",
      "instances": [
        {
          "index_key": 0,
          "schema_version": 0,
          "attributes": {
            "id": "359057395",
            "json": "{\n  \"Version\": \"2012-10-17\",\n  \"Statement\": [\n    {\n      \"Sid\": \"S3GetObjectForCloudFront\",\n      \"Effect\": \"Allow\",\n      \"Action\": \"s3:GetObject\",\n      \"Resource\": \"arn:aws:s3:::wattlink-test-landing-origin/*\",\n      \"Principal\": {\n        \"AWS\": \"arn:aws:iam::cloudfront:user/CloudFront Origin Access Identity EKIX4KYHF7G39\"\n      }\n    },\n    {\n      \"Sid\": \"S3ListBucketForCloudFront\",\n      \"Effect\": \"Allow\",\n      \"Action\": \"s3:ListBucket\",\n      \"Resource\": \"arn:aws:s3:::wattlink-test-landing-origin\",\n      \"Principal\": {\n        \"AWS\": \"arn:aws:iam::cloudfront:user/CloudFront Origin Access Identity EKIX4KYHF7G39\"\n      }\n    }\n  ]\n}",
            "minified_json": "{\"Version\":\"2012-10-17\",\"Statement\":[{\"Sid\":\"S3GetObjectForCloudFront\",\"Effect\":\"Allow\",\"Action\":\"s3:GetObject\",\"Resource\":\"arn:aws:s3:::wattlink-test-landing-origin/*\",\"Principal\":{\"AWS\":\"arn:aws:iam::cloudfront:user/CloudFront Origin Access Identity EKIX4KYHF7G39\"}},{\"Sid\":\"S3ListBucketForCloudFront\",\"Effect\":\"Allow\",\"Action\":\"s3:ListBucket\",\"Resource\":\"arn:aws:s3:::wattlink-test-landing-origin\",\"Principal\":{\"AWS\":\"arn:aws:iam::cloudfront:user/CloudFront Origin Access Identity EKIX4KYHF7G39\"}}]}",
            "override_json": null,
            "override_policy_documents": [
              "{}"
            ],
            "policy_id": null,
            "source_json": null,
            "source_policy_documents": null,
            "statement": [
              {
                "actions": [
                  "s3:GetObject"
                ],
                "condition": [],
                "effect": "Allow",
                "not_actions": [],
                "not_principals": [],
                "not_resources": [],
                "principals": [
                  {
                    "identifiers": [
                      "arn:aws:iam::cloudfront:user/CloudFront Origin Access Identity EKIX4KYHF7G39"
                    ],
                    "type": "AWS"
                  }
                ],
                "resources": [
                  "arn:aws:s3:::wattlink-test-landing-origin/*"
                ],
                "sid": "S3GetObjectForCloudFront"
              },
              {
                "actions": [
                  "s3:ListBucket"
                ],
                "condition": [],
                "effect": "Allow",
                "not_actions": [],
                "not_principals": [],
                "not_resources": [],
                "principals": [
                  {
                    "identifiers": [
                      "arn:aws:iam::cloudfront:user/CloudFront Origin Access Identity EKIX4KYHF7G39"
                    ],
                    "type": "AWS"
                  }
                ],
                "resources": [
                  "arn:aws:s3:::wattlink-test-landing-origin"
                ],
                "sid": "S3ListBucketForCloudFront"
              }
            ],
            "version": "2012-10-17"
          },
          "sensitive_attributes": []
        }
      ]
    },
    {
      "module": "module.cdn",
      "mode": "data",
      "type": "aws_iam_policy_document",
      "name": "s3_ssl_only",
      "provider": "provider[\"registry.terraform.io/hashicorp/aws\"]",
      "instances": [
        {
          "index_key": 0,
          "schema_version": 0,
          "attributes": {
            "id": "3902419030",
            "json": "{\n  \"Version\": \"2012-10-17\",\n  \"Statement\": [\n    {\n      \"Sid\": \"ForceSSLOnlyAccess\",\n      \"Effect\": \"Deny\",\n      \"Action\": \"s3:*\",\n      \"Resource\": [\n        \"arn:aws:s3:::wattlink-test-landing-origin/*\",\n        \"arn:aws:s3:::wattlink-test-landing-origin\"\n      ],\n      \"Principal\": \"*\",\n      \"Condition\": {\n        \"Bool\": {\n          \"aws:SecureTransport\": \"false\"\n        }\n      }\n    }\n  ]\n}",
            "minified_json": "{\"Version\":\"2012-10-17\",\"Statement\":[{\"Sid\":\"ForceSSLOnlyAccess\",\"Effect\":\"Deny\",\"Action\":\"s3:*\",\"Resource\":[\"arn:aws:s3:::wattlink-test-landing-origin/*\",\"arn:aws:s3:::wattlink-test-landing-origin\"],\"Principal\":\"*\",\"Condition\":{\"Bool\":{\"aws:SecureTransport\":\"false\"}}}]}",
            "override_json": null,
            "override_policy_documents": null,
            "policy_id": null,
            "source_json": null,
            "source_policy_documents": null,
            "statement": [
              {
                "actions": [
                  "s3:*"
                ],
                "condition": [
                  {
                    "test": "Bool",
                    "values": [
                      "false"
                    ],
                    "variable": "aws:SecureTransport"
                  }
                ],
                "effect": "Deny",
                "not_actions": [],
                "not_principals": [],
                "not_resources": [],
                "principals": [
                  {
                    "identifiers": [
                      "*"
                    ],
                    "type": "*"
                  }
                ],
                "resources": [
                  "arn:aws:s3:::wattlink-test-landing-origin",
                  "arn:aws:s3:::wattlink-test-landing-origin/*"
                ],
                "sid": "ForceSSLOnlyAccess"
              }
            ],
            "version": "2012-10-17"
          },
          "sensitive_attributes": []
        }
      ]
    },
    {
      "module": "module.cdn",
      "mode": "data",
      "type": "aws_partition",
      "name": "current",
      "provider": "provider[\"registry.terraform.io/hashicorp/aws\"]",
      "instances": [
        {
          "index_key": 0,
          "schema_version": 0,
          "attributes": {
            "dns_suffix": "amazonaws.com",
            "id": "aws",
            "partition": "aws",
            "reverse_dns_prefix": "com.amazonaws"
          },
          "sensitive_attributes": []
        }
      ]
    },
    {
      "module": "module.cdn",
      "mode": "data",
      "type": "aws_region",
      "name": "current",
      "provider": "provider[\"registry.terraform.io/hashicorp/aws\"]",
      "instances": [
        {
          "index_key": 0,
          "schema_version": 0,
          "attributes": {
            "description": "Europe (Frankfurt)",
            "endpoint": "ec2.eu-central-1.amazonaws.com",
            "id": "eu-central-1",
            "name": "eu-central-1"
          },
          "sensitive_attributes": []
        }
      ]
    },
    {
      "module": "module.cdn",
      "mode": "managed",
      "type": "aws_cloudfront_distribution",
      "name": "default",
      "provider": "provider[\"registry.terraform.io/hashicorp/aws\"]",
      "instances": [
        {
          "index_key": 0,
          "schema_version": 1,
          "attributes": {
            "aliases": [
              "wattlink-landing.hasemato.com",
              "wattlink.hasemato.com"
            ],
            "arn": "arn:aws:cloudfront::456004844534:distribution/E29OK22WZUBMA9",
            "caller_reference": "terraform-20241004083118334300000001",
            "comment": "Managed by Terraform",
            "continuous_deployment_policy_id": "",
            "custom_error_response": [],
            "default_cache_behavior": [
              {
                "allowed_methods": [
                  "DELETE",
                  "GET",
                  "HEAD",
                  "OPTIONS",
                  "PATCH",
                  "POST",
                  "PUT"
                ],
                "cache_policy_id": "",
                "cached_methods": [
                  "GET",
                  "HEAD"
                ],
                "compress": true,
                "default_ttl": 60,
                "field_level_encryption_id": "",
                "forwarded_values": [
                  {
                    "cookies": [
                      {
                        "forward": "none",
                        "whitelisted_names": []
                      }
                    ],
                    "headers": [
                      "Access-Control-Request-Headers",
                      "Access-Control-Request-Method",
                      "Origin"
                    ],
                    "query_string": false,
                    "query_string_cache_keys": []
                  }
                ],
                "function_association": [],
                "lambda_function_association": [],
                "max_ttl": 31536000,
                "min_ttl": 0,
                "origin_request_policy_id": "",
                "realtime_log_config_arn": "",
                "response_headers_policy_id": "",
                "smooth_streaming": false,
                "target_origin_id": "wattlink-test-landing",
                "trusted_key_groups": [],
                "trusted_signers": [],
                "viewer_protocol_policy": "redirect-to-https"
              }
            ],
            "default_root_object": "index.html",
            "domain_name": "db1tk9rj426ed.cloudfront.net",
            "enabled": true,
            "etag": "E3CXNIL4Q8I0I3",
            "hosted_zone_id": "Z2FDTNDATAQYW2",
            "http_version": "http2",
            "id": "E29OK22WZUBMA9",
            "in_progress_validation_batches": 0,
            "is_ipv6_enabled": true,
            "last_modified_time": "2024-10-04 08:31:19.912 +0000 UTC",
            "logging_config": [
              {
                "bucket": "wattlink-test-landing-logs.s3.amazonaws.com",
                "include_cookies": false,
                "prefix": ""
              }
            ],
            "ordered_cache_behavior": [],
            "origin": [
              {
                "connection_attempts": 3,
                "connection_timeout": 10,
                "custom_header": [],
                "custom_origin_config": [],
                "domain_name": "wattlink-test-landing-origin.s3.eu-central-1.amazonaws.com",
                "origin_access_control_id": "",
                "origin_id": "wattlink-test-landing",
                "origin_path": "",
                "origin_shield": [],
                "s3_origin_config": [
                  {
                    "origin_access_identity": "origin-access-identity/cloudfront/EKIX4KYHF7G39"
                  }
                ]
              }
            ],
            "origin_group": [],
            "price_class": "PriceClass_100",
            "restrictions": [
              {
                "geo_restriction": [
                  {
                    "locations": [],
                    "restriction_type": "none"
                  }
                ]
              }
            ],
            "retain_on_delete": false,
            "staging": false,
            "status": "Deployed",
            "tags": {
              "Name": "wattlink-test-landing",
              "Namespace": "wattlink",
              "Stage": "test"
            },
            "tags_all": {
              "Name": "wattlink-test-landing",
              "Namespace": "wattlink",
              "Stage": "test"
            },
            "trusted_key_groups": [
              {
                "enabled": false,
                "items": []
              }
            ],
            "trusted_signers": [
              {
                "enabled": false,
                "items": []
              }
            ],
            "viewer_certificate": [
              {
                "acm_certificate_arn": "arn:aws:acm:us-east-1:456004844534:certificate/745079b6-6231-4cd7-b685-f19e610dc26d",
                "cloudfront_default_certificate": false,
                "iam_certificate_id": "",
                "minimum_protocol_version": "TLSv1.2_2019",
                "ssl_support_method": "sni-only"
              }
            ],
            "wait_for_deployment": true,
            "web_acl_id": ""
          },
          "sensitive_attributes": [],
          "private": "eyJzY2hlbWFfdmVyc2lvbiI6IjEifQ==",
          "dependencies": [
            "module.acm_request_certificate.aws_acm_certificate.default",
            "module.acm_request_certificate.aws_acm_certificate_validation.default",
            "module.acm_request_certificate.aws_route53_record.default",
            "module.acm_request_certificate.data.aws_route53_zone.default",
            "module.cdn.aws_cloudfront_origin_access_control.default",
            "module.cdn.aws_cloudfront_origin_access_identity.default",
            "module.cdn.aws_s3_bucket.origin",
            "module.cdn.data.aws_caller_identity.current",
            "module.cdn.data.aws_partition.current",
            "module.cdn.data.aws_region.current",
            "module.cdn.data.aws_s3_bucket.cf_logs",
            "module.cdn.data.aws_s3_bucket.origin",
            "module.cdn.module.logs.aws_s3_bucket_notification.bucket_notification",
            "module.cdn.module.logs.aws_sqs_queue.notifications",
            "module.cdn.module.logs.data.aws_caller_identity.current",
            "module.cdn.module.logs.data.aws_iam_policy_document.sqs_policy",
            "module.cdn.module.logs.data.aws_partition.current",
            "module.cdn.module.logs.module.aws_s3_bucket.aws_iam_policy.replication",
            "module.cdn.module.logs.module.aws_s3_bucket.aws_iam_role.replication",
            "module.cdn.module.logs.module.aws_s3_bucket.aws_iam_role_policy_attachment.replication",
            "module.cdn.module.logs.module.aws_s3_bucket.aws_s3_bucket.default",
            "module.cdn.module.logs.module.aws_s3_bucket.aws_s3_bucket_accelerate_configuration.default",
            "module.cdn.module.logs.module.aws_s3_bucket.aws_s3_bucket_acl.default",
            "module.cdn.module.logs.module.aws_s3_bucket.aws_s3_bucket_cors_configuration.default",
            "module.cdn.module.logs.module.aws_s3_bucket.aws_s3_bucket_lifecycle_configuration.default",
            "module.cdn.module.logs.module.aws_s3_bucket.aws_s3_bucket_logging.default",
            "module.cdn.module.logs.module.aws_s3_bucket.aws_s3_bucket_object_lock_configuration.default",
            "module.cdn.module.logs.module.aws_s3_bucket.aws_s3_bucket_ownership_controls.default",
            "module.cdn.module.logs.module.aws_s3_bucket.aws_s3_bucket_policy.default",
            "module.cdn.module.logs.module.aws_s3_bucket.aws_s3_bucket_public_access_block.default",
            "module.cdn.module.logs.module.aws_s3_bucket.aws_s3_bucket_replication_configuration.default",
            "module.cdn.module.logs.module.aws_s3_bucket.aws_s3_bucket_server_side_encryption_configuration.default",
            "module.cdn.module.logs.module.aws_s3_bucket.aws_s3_bucket_versioning.default",
            "module.cdn.module.logs.module.aws_s3_bucket.aws_s3_bucket_website_configuration.default",
            "module.cdn.module.logs.module.aws_s3_bucket.aws_s3_bucket_website_configuration.redirect",
            "module.cdn.module.logs.module.aws_s3_bucket.data.aws_canonical_user_id.default",
            "module.cdn.module.logs.module.aws_s3_bucket.data.aws_iam_policy_document.aggregated_policy",
            "module.cdn.module.logs.module.aws_s3_bucket.data.aws_iam_policy_document.bucket_policy",
            "module.cdn.module.logs.module.aws_s3_bucket.data.aws_iam_policy_document.replication",
            "module.cdn.module.logs.module.aws_s3_bucket.data.aws_iam_policy_document.replication_sts",
            "module.cdn.module.logs.module.aws_s3_bucket.data.aws_partition.current",
            "module.cdn.module.logs.module.aws_s3_bucket.module.s3_user.aws_iam_user_policy.default",
            "module.cdn.module.logs.module.aws_s3_bucket.module.s3_user.data.aws_iam_policy_document.default",
            "module.cdn.module.logs.module.aws_s3_bucket.module.s3_user.module.s3_user.aws_iam_access_key.default",
            "module.cdn.module.logs.module.aws_s3_bucket.module.s3_user.module.s3_user.aws_iam_user.default",
            "module.cdn.module.logs.module.aws_s3_bucket.module.s3_user.module.s3_user.aws_iam_user_policy.inline_policies",
            "module.cdn.module.logs.module.aws_s3_bucket.module.s3_user.module.s3_user.aws_iam_user_policy_attachment.policies",
            "module.cdn.module.logs.module.aws_s3_bucket.module.s3_user.module.s3_user.module.store_write.aws_ssm_parameter.default",
            "module.cdn.module.logs.module.aws_s3_bucket.module.s3_user.module.s3_user.module.store_write.aws_ssm_parameter.ignore_value_changes",
            "module.cdn.module.logs.module.aws_s3_bucket.module.s3_user.module.s3_user.module.store_write.data.aws_ssm_parameter.read",
            "module.cdn.module.logs.module.aws_s3_bucket.time_sleep.wait_for_aws_s3_bucket_settings",
            "module.cdn.random_password.referer"
          ]
        }
      ]
    },
    {
      "module": "module.cdn",
      "mode": "managed",
      "type": "aws_cloudfront_origin_access_identity",
      "name": "default",
      "provider": "provider[\"registry.terraform.io/hashicorp/aws\"]",
      "instances": [
        {
          "index_key": 0,
          "schema_version": 0,
          "attributes": {
            "caller_reference": "terraform-20241004082832139700000001",
            "cloudfront_access_identity_path": "origin-access-identity/cloudfront/EKIX4KYHF7G39",
            "comment": "wattlink-test-landing",
            "etag": "E1UFMB52TBM0FQ",
            "iam_arn": "arn:aws:iam::cloudfront:user/CloudFront Origin Access Identity EKIX4KYHF7G39",
            "id": "EKIX4KYHF7G39",
            "s3_canonical_user_id": "96c47e7a85a52be8fcac540ecd8370dfedf36252b7300659d2578d5a53357c338d5e56095f05a1de61d77db711c8aeb4"
          },
          "sensitive_attributes": [],
          "private": "bnVsbA==",
          "dependencies": [
            "module.acm_request_certificate.aws_acm_certificate.default",
            "module.acm_request_certificate.aws_acm_certificate_validation.default",
            "module.acm_request_certificate.aws_route53_record.default",
            "module.acm_request_certificate.data.aws_route53_zone.default"
          ]
        }
      ]
    },
    {
      "module": "module.cdn",
      "mode": "managed",
      "type": "aws_s3_bucket",
      "name": "origin",
      "provider": "provider[\"registry.terraform.io/hashicorp/aws\"]",
      "instances": [
        {
          "index_key": 0,
          "schema_version": 0,
          "attributes": {
            "acceleration_status": "",
            "acl": null,
            "arn": "arn:aws:s3:::wattlink-test-landing-origin",
            "bucket": "wattlink-test-landing-origin",
            "bucket_domain_name": "wattlink-test-landing-origin.s3.amazonaws.com",
            "bucket_prefix": "",
            "bucket_regional_domain_name": "wattlink-test-landing-origin.s3.eu-central-1.amazonaws.com",
            "cors_rule": [],
            "force_destroy": false,
            "grant": [
              {
                "id": "30ab2a9766c1acf17cf0326867ed02b1315681c8b266a028a6c5d814df1bb322",
                "permissions": [
                  "FULL_CONTROL"
                ],
                "type": "CanonicalUser",
                "uri": ""
              }
            ],
            "hosted_zone_id": "Z21DNDUVLTQW6Q",
            "id": "wattlink-test-landing-origin",
            "lifecycle_rule": [],
            "logging": [],
            "object_lock_configuration": [],
            "object_lock_enabled": false,
            "policy": "",
            "region": "eu-central-1",
            "replication_configuration": [],
            "request_payer": "BucketOwner",
            "server_side_encryption_configuration": [
              {
                "rule": [
                  {
                    "apply_server_side_encryption_by_default": [
                      {
                        "kms_master_key_id": "",
                        "sse_algorithm": "AES256"
                      }
                    ],
                    "bucket_key_enabled": false
                  }
                ]
              }
            ],
            "tags": {
              "Attributes": "origin",
              "Name": "wattlink-test-landing-origin",
              "Namespace": "wattlink",
              "Stage": "test"
            },
            "tags_all": {
              "Attributes": "origin",
              "Name": "wattlink-test-landing-origin",
              "Namespace": "wattlink",
              "Stage": "test"
            },
            "timeouts": null,
            "versioning": [
              {
                "enabled": false,
                "mfa_delete": false
              }
            ],
            "website": [],
            "website_domain": null,
            "website_endpoint": null
          },
          "sensitive_attributes": [],
          "private": "eyJlMmJmYjczMC1lY2FhLTExZTYtOGY4OC0zNDM2M2JjN2M0YzAiOnsiY3JlYXRlIjoxMjAwMDAwMDAwMDAwLCJkZWxldGUiOjM2MDAwMDAwMDAwMDAsInJlYWQiOjEyMDAwMDAwMDAwMDAsInVwZGF0ZSI6MTIwMDAwMDAwMDAwMH19",
          "dependencies": [
            "module.acm_request_certificate.aws_acm_certificate.default",
            "module.acm_request_certificate.aws_acm_certificate_validation.default",
            "module.acm_request_certificate.aws_route53_record.default",
            "module.acm_request_certificate.data.aws_route53_zone.default"
          ]
        }
      ]
    },
    {
      "module": "module.cdn",
      "mode": "managed",
      "type": "aws_s3_bucket_acl",
      "name": "origin",
      "provider": "provider[\"registry.terraform.io/hashicorp/aws\"]",
      "instances": [
        {
          "index_key": 0,
          "schema_version": 0,
          "attributes": {
            "access_control_policy": [
              {
                "grant": [
                  {
                    "grantee": [
                      {
                        "display_name": "",
                        "email_address": "",
                        "id": "30ab2a9766c1acf17cf0326867ed02b1315681c8b266a028a6c5d814df1bb322",
                        "type": "CanonicalUser",
                        "uri": ""
                      }
                    ],
                    "permission": "FULL_CONTROL"
                  }
                ],
                "owner": [
                  {
                    "display_name": "",
                    "id": "30ab2a9766c1acf17cf0326867ed02b1315681c8b266a028a6c5d814df1bb322"
                  }
                ]
              }
            ],
            "acl": "private",
            "bucket": "wattlink-test-landing-origin",
            "expected_bucket_owner": "",
            "id": "wattlink-test-landing-origin,private"
          },
          "sensitive_attributes": [],
          "private": "bnVsbA==",
          "dependencies": [
            "module.acm_request_certificate.aws_acm_certificate.default",
            "module.acm_request_certificate.aws_acm_certificate_validation.default",
            "module.acm_request_certificate.aws_route53_record.default",
            "module.acm_request_certificate.data.aws_route53_zone.default",
            "module.cdn.aws_cloudfront_distribution.default",
            "module.cdn.aws_cloudfront_origin_access_control.default",
            "module.cdn.aws_cloudfront_origin_access_identity.default",
            "module.cdn.aws_s3_bucket.origin",
            "module.cdn.aws_s3_bucket_ownership_controls.origin",
            "module.cdn.aws_s3_bucket_policy.default",
            "module.cdn.aws_s3_bucket_public_access_block.origin",
            "module.cdn.data.aws_caller_identity.current",
            "module.cdn.data.aws_iam_policy_document.combined",
            "module.cdn.data.aws_iam_policy_document.deployment",
            "module.cdn.data.aws_iam_policy_document.s3_origin_access_control",
            "module.cdn.data.aws_iam_policy_document.s3_origin_access_identity",
            "module.cdn.data.aws_iam_policy_document.s3_ssl_only",
            "module.cdn.data.aws_iam_policy_document.s3_website_origin",
            "module.cdn.data.aws_partition.current",
            "module.cdn.data.aws_region.current",
            "module.cdn.data.aws_s3_bucket.cf_logs",
            "module.cdn.data.aws_s3_bucket.origin",
            "module.cdn.module.logs.aws_s3_bucket_notification.bucket_notification",
            "module.cdn.module.logs.aws_sqs_queue.notifications",
            "module.cdn.module.logs.data.aws_caller_identity.current",
            "module.cdn.module.logs.data.aws_iam_policy_document.sqs_policy",
            "module.cdn.module.logs.data.aws_partition.current",
            "module.cdn.module.logs.module.aws_s3_bucket.aws_iam_policy.replication",
            "module.cdn.module.logs.module.aws_s3_bucket.aws_iam_role.replication",
            "module.cdn.module.logs.module.aws_s3_bucket.aws_iam_role_policy_attachment.replication",
            "module.cdn.module.logs.module.aws_s3_bucket.aws_s3_bucket.default",
            "module.cdn.module.logs.module.aws_s3_bucket.aws_s3_bucket_accelerate_configuration.default",
            "module.cdn.module.logs.module.aws_s3_bucket.aws_s3_bucket_acl.default",
            "module.cdn.module.logs.module.aws_s3_bucket.aws_s3_bucket_cors_configuration.default",
            "module.cdn.module.logs.module.aws_s3_bucket.aws_s3_bucket_lifecycle_configuration.default",
            "module.cdn.module.logs.module.aws_s3_bucket.aws_s3_bucket_logging.default",
            "module.cdn.module.logs.module.aws_s3_bucket.aws_s3_bucket_object_lock_configuration.default",
            "module.cdn.module.logs.module.aws_s3_bucket.aws_s3_bucket_ownership_controls.default",
            "module.cdn.module.logs.module.aws_s3_bucket.aws_s3_bucket_policy.default",
            "module.cdn.module.logs.module.aws_s3_bucket.aws_s3_bucket_public_access_block.default",
            "module.cdn.module.logs.module.aws_s3_bucket.aws_s3_bucket_replication_configuration.default",
            "module.cdn.module.logs.module.aws_s3_bucket.aws_s3_bucket_server_side_encryption_configuration.default",
            "module.cdn.module.logs.module.aws_s3_bucket.aws_s3_bucket_versioning.default",
            "module.cdn.module.logs.module.aws_s3_bucket.aws_s3_bucket_website_configuration.default",
            "module.cdn.module.logs.module.aws_s3_bucket.aws_s3_bucket_website_configuration.redirect",
            "module.cdn.module.logs.module.aws_s3_bucket.data.aws_canonical_user_id.default",
            "module.cdn.module.logs.module.aws_s3_bucket.data.aws_iam_policy_document.aggregated_policy",
            "module.cdn.module.logs.module.aws_s3_bucket.data.aws_iam_policy_document.bucket_policy",
            "module.cdn.module.logs.module.aws_s3_bucket.data.aws_iam_policy_document.replication",
            "module.cdn.module.logs.module.aws_s3_bucket.data.aws_iam_policy_document.replication_sts",
            "module.cdn.module.logs.module.aws_s3_bucket.data.aws_partition.current",
            "module.cdn.module.logs.module.aws_s3_bucket.module.s3_user.aws_iam_user_policy.default",
            "module.cdn.module.logs.module.aws_s3_bucket.module.s3_user.data.aws_iam_policy_document.default",
            "module.cdn.module.logs.module.aws_s3_bucket.module.s3_user.module.s3_user.aws_iam_access_key.default",
            "module.cdn.module.logs.module.aws_s3_bucket.module.s3_user.module.s3_user.aws_iam_user.default",
            "module.cdn.module.logs.module.aws_s3_bucket.module.s3_user.module.s3_user.aws_iam_user_policy.inline_policies",
            "module.cdn.module.logs.module.aws_s3_bucket.module.s3_user.module.s3_user.aws_iam_user_policy_attachment.policies",
            "module.cdn.module.logs.module.aws_s3_bucket.module.s3_user.module.s3_user.module.store_write.aws_ssm_parameter.default",
            "module.cdn.module.logs.module.aws_s3_bucket.module.s3_user.module.s3_user.module.store_write.aws_ssm_parameter.ignore_value_changes",
            "module.cdn.module.logs.module.aws_s3_bucket.module.s3_user.module.s3_user.module.store_write.data.aws_ssm_parameter.read",
            "module.cdn.module.logs.module.aws_s3_bucket.time_sleep.wait_for_aws_s3_bucket_settings",
            "module.cdn.random_password.referer",
            "module.cdn.time_sleep.wait_for_aws_s3_bucket_settings"
          ]
        }
      ]
    },
    {
      "module": "module.cdn",
      "mode": "managed",
      "type": "aws_s3_bucket_cors_configuration",
      "name": "origin",
      "provider": "provider[\"registry.terraform.io/hashicorp/aws\"]",
      "instances": [
        {
          "index_key": 0,
          "schema_version": 0,
          "attributes": {
            "bucket": "wattlink-test-landing-origin",
            "cors_rule": [
              {
                "allowed_headers": [
                  "*"
                ],
                "allowed_methods": [
                  "GET"
                ],
                "allowed_origins": [
                  "wattlink-landing.hasemato.com"
                ],
                "expose_headers": [
                  "ETag"
                ],
                "id": "",
                "max_age_seconds": 3600
              },
              {
                "allowed_headers": [
                  "*"
                ],
                "allowed_methods": [
                  "GET"
                ],
                "allowed_origins": [
                  "wattlink.hasemato.com"
                ],
                "expose_headers": [
                  "ETag"
                ],
                "id": "",
                "max_age_seconds": 3600
              }
            ],
            "expected_bucket_owner": "",
            "id": "wattlink-test-landing-origin"
          },
          "sensitive_attributes": [],
          "private": "bnVsbA==",
          "dependencies": [
            "module.acm_request_certificate.aws_acm_certificate.default",
            "module.acm_request_certificate.aws_acm_certificate_validation.default",
            "module.acm_request_certificate.aws_route53_record.default",
            "module.acm_request_certificate.data.aws_route53_zone.default",
            "module.cdn.aws_cloudfront_distribution.default",
            "module.cdn.aws_cloudfront_origin_access_control.default",
            "module.cdn.aws_cloudfront_origin_access_identity.default",
            "module.cdn.aws_s3_bucket.origin",
            "module.cdn.aws_s3_bucket_policy.default",
            "module.cdn.aws_s3_bucket_public_access_block.origin",
            "module.cdn.data.aws_caller_identity.current",
            "module.cdn.data.aws_iam_policy_document.combined",
            "module.cdn.data.aws_iam_policy_document.deployment",
            "module.cdn.data.aws_iam_policy_document.s3_origin_access_control",
            "module.cdn.data.aws_iam_policy_document.s3_origin_access_identity",
            "module.cdn.data.aws_iam_policy_document.s3_ssl_only",
            "module.cdn.data.aws_iam_policy_document.s3_website_origin",
            "module.cdn.data.aws_partition.current",
            "module.cdn.data.aws_region.current",
            "module.cdn.data.aws_s3_bucket.cf_logs",
            "module.cdn.data.aws_s3_bucket.origin",
            "module.cdn.module.logs.aws_s3_bucket_notification.bucket_notification",
            "module.cdn.module.logs.aws_sqs_queue.notifications",
            "module.cdn.module.logs.data.aws_caller_identity.current",
            "module.cdn.module.logs.data.aws_iam_policy_document.sqs_policy",
            "module.cdn.module.logs.data.aws_partition.current",
            "module.cdn.module.logs.module.aws_s3_bucket.aws_iam_policy.replication",
            "module.cdn.module.logs.module.aws_s3_bucket.aws_iam_role.replication",
            "module.cdn.module.logs.module.aws_s3_bucket.aws_iam_role_policy_attachment.replication",
            "module.cdn.module.logs.module.aws_s3_bucket.aws_s3_bucket.default",
            "module.cdn.module.logs.module.aws_s3_bucket.aws_s3_bucket_accelerate_configuration.default",
            "module.cdn.module.logs.module.aws_s3_bucket.aws_s3_bucket_acl.default",
            "module.cdn.module.logs.module.aws_s3_bucket.aws_s3_bucket_cors_configuration.default",
            "module.cdn.module.logs.module.aws_s3_bucket.aws_s3_bucket_lifecycle_configuration.default",
            "module.cdn.module.logs.module.aws_s3_bucket.aws_s3_bucket_logging.default",
            "module.cdn.module.logs.module.aws_s3_bucket.aws_s3_bucket_object_lock_configuration.default",
            "module.cdn.module.logs.module.aws_s3_bucket.aws_s3_bucket_ownership_controls.default",
            "module.cdn.module.logs.module.aws_s3_bucket.aws_s3_bucket_policy.default",
            "module.cdn.module.logs.module.aws_s3_bucket.aws_s3_bucket_public_access_block.default",
            "module.cdn.module.logs.module.aws_s3_bucket.aws_s3_bucket_replication_configuration.default",
            "module.cdn.module.logs.module.aws_s3_bucket.aws_s3_bucket_server_side_encryption_configuration.default",
            "module.cdn.module.logs.module.aws_s3_bucket.aws_s3_bucket_versioning.default",
            "module.cdn.module.logs.module.aws_s3_bucket.aws_s3_bucket_website_configuration.default",
            "module.cdn.module.logs.module.aws_s3_bucket.aws_s3_bucket_website_configuration.redirect",
            "module.cdn.module.logs.module.aws_s3_bucket.data.aws_canonical_user_id.default",
            "module.cdn.module.logs.module.aws_s3_bucket.data.aws_iam_policy_document.aggregated_policy",
            "module.cdn.module.logs.module.aws_s3_bucket.data.aws_iam_policy_document.bucket_policy",
            "module.cdn.module.logs.module.aws_s3_bucket.data.aws_iam_policy_document.replication",
            "module.cdn.module.logs.module.aws_s3_bucket.data.aws_iam_policy_document.replication_sts",
            "module.cdn.module.logs.module.aws_s3_bucket.data.aws_partition.current",
            "module.cdn.module.logs.module.aws_s3_bucket.module.s3_user.aws_iam_user_policy.default",
            "module.cdn.module.logs.module.aws_s3_bucket.module.s3_user.data.aws_iam_policy_document.default",
            "module.cdn.module.logs.module.aws_s3_bucket.module.s3_user.module.s3_user.aws_iam_access_key.default",
            "module.cdn.module.logs.module.aws_s3_bucket.module.s3_user.module.s3_user.aws_iam_user.default",
            "module.cdn.module.logs.module.aws_s3_bucket.module.s3_user.module.s3_user.aws_iam_user_policy.inline_policies",
            "module.cdn.module.logs.module.aws_s3_bucket.module.s3_user.module.s3_user.aws_iam_user_policy_attachment.policies",
            "module.cdn.module.logs.module.aws_s3_bucket.module.s3_user.module.s3_user.module.store_write.aws_ssm_parameter.default",
            "module.cdn.module.logs.module.aws_s3_bucket.module.s3_user.module.s3_user.module.store_write.aws_ssm_parameter.ignore_value_changes",
            "module.cdn.module.logs.module.aws_s3_bucket.module.s3_user.module.s3_user.module.store_write.data.aws_ssm_parameter.read",
            "module.cdn.module.logs.module.aws_s3_bucket.time_sleep.wait_for_aws_s3_bucket_settings",
            "module.cdn.random_password.referer",
            "module.cdn.time_sleep.wait_for_aws_s3_bucket_settings"
          ]
        }
      ]
    },
    {
      "module": "module.cdn",
      "mode": "managed",
      "type": "aws_s3_bucket_ownership_controls",
      "name": "origin",
      "provider": "provider[\"registry.terraform.io/hashicorp/aws\"]",
      "instances": [
        {
          "index_key": 0,
          "schema_version": 0,
          "attributes": {
            "bucket": "wattlink-test-landing-origin",
            "id": "wattlink-test-landing-origin",
            "rule": [
              {
                "object_ownership": "ObjectWriter"
              }
            ]
          },
          "sensitive_attributes": [],
          "private": "bnVsbA==",
          "dependencies": [
            "module.acm_request_certificate.aws_acm_certificate.default",
            "module.acm_request_certificate.aws_acm_certificate_validation.default",
            "module.acm_request_certificate.aws_route53_record.default",
            "module.acm_request_certificate.data.aws_route53_zone.default",
            "module.cdn.aws_cloudfront_distribution.default",
            "module.cdn.aws_cloudfront_origin_access_control.default",
            "module.cdn.aws_cloudfront_origin_access_identity.default",
            "module.cdn.aws_s3_bucket.origin",
            "module.cdn.aws_s3_bucket_policy.default",
            "module.cdn.aws_s3_bucket_public_access_block.origin",
            "module.cdn.data.aws_caller_identity.current",
            "module.cdn.data.aws_iam_policy_document.combined",
            "module.cdn.data.aws_iam_policy_document.deployment",
            "module.cdn.data.aws_iam_policy_document.s3_origin_access_control",
            "module.cdn.data.aws_iam_policy_document.s3_origin_access_identity",
            "module.cdn.data.aws_iam_policy_document.s3_ssl_only",
            "module.cdn.data.aws_iam_policy_document.s3_website_origin",
            "module.cdn.data.aws_partition.current",
            "module.cdn.data.aws_region.current",
            "module.cdn.data.aws_s3_bucket.cf_logs",
            "module.cdn.data.aws_s3_bucket.origin",
            "module.cdn.module.logs.aws_s3_bucket_notification.bucket_notification",
            "module.cdn.module.logs.aws_sqs_queue.notifications",
            "module.cdn.module.logs.data.aws_caller_identity.current",
            "module.cdn.module.logs.data.aws_iam_policy_document.sqs_policy",
            "module.cdn.module.logs.data.aws_partition.current",
            "module.cdn.module.logs.module.aws_s3_bucket.aws_iam_policy.replication",
            "module.cdn.module.logs.module.aws_s3_bucket.aws_iam_role.replication",
            "module.cdn.module.logs.module.aws_s3_bucket.aws_iam_role_policy_attachment.replication",
            "module.cdn.module.logs.module.aws_s3_bucket.aws_s3_bucket.default",
            "module.cdn.module.logs.module.aws_s3_bucket.aws_s3_bucket_accelerate_configuration.default",
            "module.cdn.module.logs.module.aws_s3_bucket.aws_s3_bucket_acl.default",
            "module.cdn.module.logs.module.aws_s3_bucket.aws_s3_bucket_cors_configuration.default",
            "module.cdn.module.logs.module.aws_s3_bucket.aws_s3_bucket_lifecycle_configuration.default",
            "module.cdn.module.logs.module.aws_s3_bucket.aws_s3_bucket_logging.default",
            "module.cdn.module.logs.module.aws_s3_bucket.aws_s3_bucket_object_lock_configuration.default",
            "module.cdn.module.logs.module.aws_s3_bucket.aws_s3_bucket_ownership_controls.default",
            "module.cdn.module.logs.module.aws_s3_bucket.aws_s3_bucket_policy.default",
            "module.cdn.module.logs.module.aws_s3_bucket.aws_s3_bucket_public_access_block.default",
            "module.cdn.module.logs.module.aws_s3_bucket.aws_s3_bucket_replication_configuration.default",
            "module.cdn.module.logs.module.aws_s3_bucket.aws_s3_bucket_server_side_encryption_configuration.default",
            "module.cdn.module.logs.module.aws_s3_bucket.aws_s3_bucket_versioning.default",
            "module.cdn.module.logs.module.aws_s3_bucket.aws_s3_bucket_website_configuration.default",
            "module.cdn.module.logs.module.aws_s3_bucket.aws_s3_bucket_website_configuration.redirect",
            "module.cdn.module.logs.module.aws_s3_bucket.data.aws_canonical_user_id.default",
            "module.cdn.module.logs.module.aws_s3_bucket.data.aws_iam_policy_document.aggregated_policy",
            "module.cdn.module.logs.module.aws_s3_bucket.data.aws_iam_policy_document.bucket_policy",
            "module.cdn.module.logs.module.aws_s3_bucket.data.aws_iam_policy_document.replication",
            "module.cdn.module.logs.module.aws_s3_bucket.data.aws_iam_policy_document.replication_sts",
            "module.cdn.module.logs.module.aws_s3_bucket.data.aws_partition.current",
            "module.cdn.module.logs.module.aws_s3_bucket.module.s3_user.aws_iam_user_policy.default",
            "module.cdn.module.logs.module.aws_s3_bucket.module.s3_user.data.aws_iam_policy_document.default",
            "module.cdn.module.logs.module.aws_s3_bucket.module.s3_user.module.s3_user.aws_iam_access_key.default",
            "module.cdn.module.logs.module.aws_s3_bucket.module.s3_user.module.s3_user.aws_iam_user.default",
            "module.cdn.module.logs.module.aws_s3_bucket.module.s3_user.module.s3_user.aws_iam_user_policy.inline_policies",
            "module.cdn.module.logs.module.aws_s3_bucket.module.s3_user.module.s3_user.aws_iam_user_policy_attachment.policies",
            "module.cdn.module.logs.module.aws_s3_bucket.module.s3_user.module.s3_user.module.store_write.aws_ssm_parameter.default",
            "module.cdn.module.logs.module.aws_s3_bucket.module.s3_user.module.s3_user.module.store_write.aws_ssm_parameter.ignore_value_changes",
            "module.cdn.module.logs.module.aws_s3_bucket.module.s3_user.module.s3_user.module.store_write.data.aws_ssm_parameter.read",
            "module.cdn.module.logs.module.aws_s3_bucket.time_sleep.wait_for_aws_s3_bucket_settings",
            "module.cdn.random_password.referer",
            "module.cdn.time_sleep.wait_for_aws_s3_bucket_settings"
          ]
        }
      ]
    },
    {
      "module": "module.cdn",
      "mode": "managed",
      "type": "aws_s3_bucket_policy",
      "name": "default",
      "provider": "provider[\"registry.terraform.io/hashicorp/aws\"]",
      "instances": [
        {
          "index_key": 0,
          "schema_version": 0,
          "attributes": {
            "bucket": "wattlink-test-landing-origin",
            "id": "wattlink-test-landing-origin",
            "policy": "{\"Statement\":[{\"Action\":\"s3:GetObject\",\"Effect\":\"Allow\",\"Principal\":{\"AWS\":\"arn:aws:iam::cloudfront:user/CloudFront Origin Access Identity EKIX4KYHF7G39\"},\"Resource\":\"arn:aws:s3:::wattlink-test-landing-origin/*\",\"Sid\":\"S3GetObjectForCloudFront\"},{\"Action\":\"s3:ListBucket\",\"Effect\":\"Allow\",\"Principal\":{\"AWS\":\"arn:aws:iam::cloudfront:user/CloudFront Origin Access Identity EKIX4KYHF7G39\"},\"Resource\":\"arn:aws:s3:::wattlink-test-landing-origin\",\"Sid\":\"S3ListBucketForCloudFront\"},{\"Action\":\"s3:*\",\"Condition\":{\"Bool\":{\"aws:SecureTransport\":\"false\"}},\"Effect\":\"Deny\",\"Principal\":\"*\",\"Resource\":[\"arn:aws:s3:::wattlink-test-landing-origin/*\",\"arn:aws:s3:::wattlink-test-landing-origin\"],\"Sid\":\"ForceSSLOnlyAccess\"},{\"Action\":[\"s3:PutObjectAcl\",\"s3:PutObject\",\"s3:ListBucketMultipartUploads\",\"s3:ListBucket\",\"s3:GetObject\",\"s3:GetBucketLocation\",\"s3:DeleteObject\",\"s3:AbortMultipartUpload\"],\"Effect\":\"Allow\",\"Principal\":{\"AWS\":\"arn:aws:iam::456004844534:user/lynqtech-macbook-iam\"},\"Resource\":[\"arn:aws:s3:::wattlink-test-landing-origin/*\",\"arn:aws:s3:::wattlink-test-landing-origin\"]}],\"Version\":\"2012-10-17\"}"
          },
          "sensitive_attributes": [],
          "private": "bnVsbA==",
          "dependencies": [
            "module.acm_request_certificate.aws_acm_certificate.default",
            "module.acm_request_certificate.aws_acm_certificate_validation.default",
            "module.acm_request_certificate.aws_route53_record.default",
            "module.acm_request_certificate.data.aws_route53_zone.default",
            "module.cdn.aws_cloudfront_distribution.default",
            "module.cdn.aws_cloudfront_origin_access_control.default",
            "module.cdn.aws_cloudfront_origin_access_identity.default",
            "module.cdn.aws_s3_bucket.origin",
            "module.cdn.aws_s3_bucket_public_access_block.origin",
            "module.cdn.data.aws_caller_identity.current",
            "module.cdn.data.aws_iam_policy_document.combined",
            "module.cdn.data.aws_iam_policy_document.deployment",
            "module.cdn.data.aws_iam_policy_document.s3_origin_access_control",
            "module.cdn.data.aws_iam_policy_document.s3_origin_access_identity",
            "module.cdn.data.aws_iam_policy_document.s3_ssl_only",
            "module.cdn.data.aws_iam_policy_document.s3_website_origin",
            "module.cdn.data.aws_partition.current",
            "module.cdn.data.aws_region.current",
            "module.cdn.data.aws_s3_bucket.cf_logs",
            "module.cdn.data.aws_s3_bucket.origin",
            "module.cdn.module.logs.aws_s3_bucket_notification.bucket_notification",
            "module.cdn.module.logs.aws_sqs_queue.notifications",
            "module.cdn.module.logs.data.aws_caller_identity.current",
            "module.cdn.module.logs.data.aws_iam_policy_document.sqs_policy",
            "module.cdn.module.logs.data.aws_partition.current",
            "module.cdn.module.logs.module.aws_s3_bucket.aws_iam_policy.replication",
            "module.cdn.module.logs.module.aws_s3_bucket.aws_iam_role.replication",
            "module.cdn.module.logs.module.aws_s3_bucket.aws_iam_role_policy_attachment.replication",
            "module.cdn.module.logs.module.aws_s3_bucket.aws_s3_bucket.default",
            "module.cdn.module.logs.module.aws_s3_bucket.aws_s3_bucket_accelerate_configuration.default",
            "module.cdn.module.logs.module.aws_s3_bucket.aws_s3_bucket_acl.default",
            "module.cdn.module.logs.module.aws_s3_bucket.aws_s3_bucket_cors_configuration.default",
            "module.cdn.module.logs.module.aws_s3_bucket.aws_s3_bucket_lifecycle_configuration.default",
            "module.cdn.module.logs.module.aws_s3_bucket.aws_s3_bucket_logging.default",
            "module.cdn.module.logs.module.aws_s3_bucket.aws_s3_bucket_object_lock_configuration.default",
            "module.cdn.module.logs.module.aws_s3_bucket.aws_s3_bucket_ownership_controls.default",
            "module.cdn.module.logs.module.aws_s3_bucket.aws_s3_bucket_policy.default",
            "module.cdn.module.logs.module.aws_s3_bucket.aws_s3_bucket_public_access_block.default",
            "module.cdn.module.logs.module.aws_s3_bucket.aws_s3_bucket_replication_configuration.default",
            "module.cdn.module.logs.module.aws_s3_bucket.aws_s3_bucket_server_side_encryption_configuration.default",
            "module.cdn.module.logs.module.aws_s3_bucket.aws_s3_bucket_versioning.default",
            "module.cdn.module.logs.module.aws_s3_bucket.aws_s3_bucket_website_configuration.default",
            "module.cdn.module.logs.module.aws_s3_bucket.aws_s3_bucket_website_configuration.redirect",
            "module.cdn.module.logs.module.aws_s3_bucket.data.aws_canonical_user_id.default",
            "module.cdn.module.logs.module.aws_s3_bucket.data.aws_iam_policy_document.aggregated_policy",
            "module.cdn.module.logs.module.aws_s3_bucket.data.aws_iam_policy_document.bucket_policy",
            "module.cdn.module.logs.module.aws_s3_bucket.data.aws_iam_policy_document.replication",
            "module.cdn.module.logs.module.aws_s3_bucket.data.aws_iam_policy_document.replication_sts",
            "module.cdn.module.logs.module.aws_s3_bucket.data.aws_partition.current",
            "module.cdn.module.logs.module.aws_s3_bucket.module.s3_user.aws_iam_user_policy.default",
            "module.cdn.module.logs.module.aws_s3_bucket.module.s3_user.data.aws_iam_policy_document.default",
            "module.cdn.module.logs.module.aws_s3_bucket.module.s3_user.module.s3_user.aws_iam_access_key.default",
            "module.cdn.module.logs.module.aws_s3_bucket.module.s3_user.module.s3_user.aws_iam_user.default",
            "module.cdn.module.logs.module.aws_s3_bucket.module.s3_user.module.s3_user.aws_iam_user_policy.inline_policies",
            "module.cdn.module.logs.module.aws_s3_bucket.module.s3_user.module.s3_user.aws_iam_user_policy_attachment.policies",
            "module.cdn.module.logs.module.aws_s3_bucket.module.s3_user.module.s3_user.module.store_write.aws_ssm_parameter.default",
            "module.cdn.module.logs.module.aws_s3_bucket.module.s3_user.module.s3_user.module.store_write.aws_ssm_parameter.ignore_value_changes",
            "module.cdn.module.logs.module.aws_s3_bucket.module.s3_user.module.s3_user.module.store_write.data.aws_ssm_parameter.read",
            "module.cdn.module.logs.module.aws_s3_bucket.time_sleep.wait_for_aws_s3_bucket_settings",
            "module.cdn.random_password.referer"
          ]
        }
      ]
    },
    {
      "module": "module.cdn",
      "mode": "managed",
      "type": "aws_s3_bucket_public_access_block",
      "name": "origin",
      "provider": "provider[\"registry.terraform.io/hashicorp/aws\"]",
      "instances": [
        {
          "index_key": 0,
          "schema_version": 0,
          "attributes": {
            "block_public_acls": true,
            "block_public_policy": false,
            "bucket": "wattlink-test-landing-origin",
            "id": "wattlink-test-landing-origin",
            "ignore_public_acls": true,
            "restrict_public_buckets": false
          },
          "sensitive_attributes": [],
          "private": "bnVsbA==",
          "dependencies": [
            "module.acm_request_certificate.aws_acm_certificate.default",
            "module.acm_request_certificate.aws_acm_certificate_validation.default",
            "module.acm_request_certificate.aws_route53_record.default",
            "module.acm_request_certificate.data.aws_route53_zone.default",
            "module.cdn.aws_s3_bucket.origin",
            "module.cdn.data.aws_s3_bucket.origin"
          ]
        }
      ]
    },
    {
      "module": "module.cdn",
      "mode": "managed",
      "type": "aws_s3_bucket_server_side_encryption_configuration",
      "name": "origin",
      "provider": "provider[\"registry.terraform.io/hashicorp/aws\"]",
      "instances": [
        {
          "index_key": 0,
          "schema_version": 0,
          "attributes": {
            "bucket": "wattlink-test-landing-origin",
            "expected_bucket_owner": "",
            "id": "wattlink-test-landing-origin",
            "rule": [
              {
                "apply_server_side_encryption_by_default": [
                  {
                    "kms_master_key_id": "",
                    "sse_algorithm": "AES256"
                  }
                ],
                "bucket_key_enabled": null
              }
            ]
          },
          "sensitive_attributes": [],
          "private": "bnVsbA==",
          "dependencies": [
            "module.acm_request_certificate.aws_acm_certificate.default",
            "module.acm_request_certificate.aws_acm_certificate_validation.default",
            "module.acm_request_certificate.aws_route53_record.default",
            "module.acm_request_certificate.data.aws_route53_zone.default",
            "module.cdn.aws_s3_bucket.origin"
          ]
        }
      ]
    },
    {
      "module": "module.cdn",
      "mode": "managed",
      "type": "aws_s3_bucket_versioning",
      "name": "origin",
      "provider": "provider[\"registry.terraform.io/hashicorp/aws\"]",
      "instances": [
        {
          "index_key": 0,
          "schema_version": 0,
          "attributes": {
            "bucket": "wattlink-test-landing-origin",
            "expected_bucket_owner": "",
            "id": "wattlink-test-landing-origin",
            "mfa": null,
            "versioning_configuration": [
              {
                "mfa_delete": "",
                "status": "Disabled"
              }
            ]
          },
          "sensitive_attributes": [],
          "private": "bnVsbA==",
          "dependencies": [
            "module.acm_request_certificate.aws_acm_certificate.default",
            "module.acm_request_certificate.aws_acm_certificate_validation.default",
            "module.acm_request_certificate.aws_route53_record.default",
            "module.acm_request_certificate.data.aws_route53_zone.default",
            "module.cdn.aws_s3_bucket.origin"
          ]
        }
      ]
    },
    {
      "module": "module.cdn",
      "mode": "managed",
      "type": "time_sleep",
      "name": "wait_for_aws_s3_bucket_settings",
      "provider": "provider[\"registry.terraform.io/hashicorp/time\"]",
      "instances": [
        {
          "index_key": 0,
          "schema_version": 0,
          "attributes": {
            "create_duration": "30s",
            "destroy_duration": "30s",
            "id": "2024-10-04T08:36:29Z",
            "triggers": null
          },
          "sensitive_attributes": [],
          "dependencies": [
            "module.acm_request_certificate.aws_acm_certificate.default",
            "module.acm_request_certificate.aws_acm_certificate_validation.default",
            "module.acm_request_certificate.aws_route53_record.default",
            "module.acm_request_certificate.data.aws_route53_zone.default",
            "module.cdn.aws_cloudfront_distribution.default",
            "module.cdn.aws_cloudfront_origin_access_control.default",
            "module.cdn.aws_cloudfront_origin_access_identity.default",
            "module.cdn.aws_s3_bucket.origin",
            "module.cdn.aws_s3_bucket_policy.default",
            "module.cdn.aws_s3_bucket_public_access_block.origin",
            "module.cdn.data.aws_caller_identity.current",
            "module.cdn.data.aws_iam_policy_document.combined",
            "module.cdn.data.aws_iam_policy_document.deployment",
            "module.cdn.data.aws_iam_policy_document.s3_origin_access_control",
            "module.cdn.data.aws_iam_policy_document.s3_origin_access_identity",
            "module.cdn.data.aws_iam_policy_document.s3_ssl_only",
            "module.cdn.data.aws_iam_policy_document.s3_website_origin",
            "module.cdn.data.aws_partition.current",
            "module.cdn.data.aws_region.current",
            "module.cdn.data.aws_s3_bucket.cf_logs",
            "module.cdn.data.aws_s3_bucket.origin",
            "module.cdn.module.logs.aws_s3_bucket_notification.bucket_notification",
            "module.cdn.module.logs.aws_sqs_queue.notifications",
            "module.cdn.module.logs.data.aws_caller_identity.current",
            "module.cdn.module.logs.data.aws_iam_policy_document.sqs_policy",
            "module.cdn.module.logs.data.aws_partition.current",
            "module.cdn.module.logs.module.aws_s3_bucket.aws_iam_policy.replication",
            "module.cdn.module.logs.module.aws_s3_bucket.aws_iam_role.replication",
            "module.cdn.module.logs.module.aws_s3_bucket.aws_iam_role_policy_attachment.replication",
            "module.cdn.module.logs.module.aws_s3_bucket.aws_s3_bucket.default",
            "module.cdn.module.logs.module.aws_s3_bucket.aws_s3_bucket_accelerate_configuration.default",
            "module.cdn.module.logs.module.aws_s3_bucket.aws_s3_bucket_acl.default",
            "module.cdn.module.logs.module.aws_s3_bucket.aws_s3_bucket_cors_configuration.default",
            "module.cdn.module.logs.module.aws_s3_bucket.aws_s3_bucket_lifecycle_configuration.default",
            "module.cdn.module.logs.module.aws_s3_bucket.aws_s3_bucket_logging.default",
            "module.cdn.module.logs.module.aws_s3_bucket.aws_s3_bucket_object_lock_configuration.default",
            "module.cdn.module.logs.module.aws_s3_bucket.aws_s3_bucket_ownership_controls.default",
            "module.cdn.module.logs.module.aws_s3_bucket.aws_s3_bucket_policy.default",
            "module.cdn.module.logs.module.aws_s3_bucket.aws_s3_bucket_public_access_block.default",
            "module.cdn.module.logs.module.aws_s3_bucket.aws_s3_bucket_replication_configuration.default",
            "module.cdn.module.logs.module.aws_s3_bucket.aws_s3_bucket_server_side_encryption_configuration.default",
            "module.cdn.module.logs.module.aws_s3_bucket.aws_s3_bucket_versioning.default",
            "module.cdn.module.logs.module.aws_s3_bucket.aws_s3_bucket_website_configuration.default",
            "module.cdn.module.logs.module.aws_s3_bucket.aws_s3_bucket_website_configuration.redirect",
            "module.cdn.module.logs.module.aws_s3_bucket.data.aws_canonical_user_id.default",
            "module.cdn.module.logs.module.aws_s3_bucket.data.aws_iam_policy_document.aggregated_policy",
            "module.cdn.module.logs.module.aws_s3_bucket.data.aws_iam_policy_document.bucket_policy",
            "module.cdn.module.logs.module.aws_s3_bucket.data.aws_iam_policy_document.replication",
            "module.cdn.module.logs.module.aws_s3_bucket.data.aws_iam_policy_document.replication_sts",
            "module.cdn.module.logs.module.aws_s3_bucket.data.aws_partition.current",
            "module.cdn.module.logs.module.aws_s3_bucket.module.s3_user.aws_iam_user_policy.default",
            "module.cdn.module.logs.module.aws_s3_bucket.module.s3_user.data.aws_iam_policy_document.default",
            "module.cdn.module.logs.module.aws_s3_bucket.module.s3_user.module.s3_user.aws_iam_access_key.default",
            "module.cdn.module.logs.module.aws_s3_bucket.module.s3_user.module.s3_user.aws_iam_user.default",
            "module.cdn.module.logs.module.aws_s3_bucket.module.s3_user.module.s3_user.aws_iam_user_policy.inline_policies",
            "module.cdn.module.logs.module.aws_s3_bucket.module.s3_user.module.s3_user.aws_iam_user_policy_attachment.policies",
            "module.cdn.module.logs.module.aws_s3_bucket.module.s3_user.module.s3_user.module.store_write.aws_ssm_parameter.default",
            "module.cdn.module.logs.module.aws_s3_bucket.module.s3_user.module.s3_user.module.store_write.aws_ssm_parameter.ignore_value_changes",
            "module.cdn.module.logs.module.aws_s3_bucket.module.s3_user.module.s3_user.module.store_write.data.aws_ssm_parameter.read",
            "module.cdn.module.logs.module.aws_s3_bucket.time_sleep.wait_for_aws_s3_bucket_settings",
            "module.cdn.random_password.referer"
          ]
        }
      ]
    },
    {
      "module": "module.cdn.module.dns",
      "mode": "data",
      "type": "aws_route53_zone",
      "name": "default",
      "provider": "provider[\"registry.terraform.io/hashicorp/aws\"]",
      "instances": [
        {
          "index_key": 0,
          "schema_version": 0,
          "attributes": {
            "arn": "arn:aws:route53:::hostedzone/Z06437641R6SHV8X301QF",
            "caller_reference": "RISWorkflow-RD:5bbbc016-e7fd-48a0-bc29-9f053652a66d",
            "comment": "HostedZone created by Route53 Registrar",
            "id": "Z06437641R6SHV8X301QF",
            "linked_service_description": null,
            "linked_service_principal": null,
            "name": "hasemato.com",
            "name_servers": [
              "ns-527.awsdns-01.net",
              "ns-1818.awsdns-35.co.uk",
              "ns-330.awsdns-41.com",
              "ns-1514.awsdns-61.org"
            ],
            "primary_name_server": "ns-527.awsdns-01.net",
            "private_zone": false,
            "resource_record_set_count": 11,
            "tags": {},
            "vpc_id": null,
            "zone_id": "Z06437641R6SHV8X301QF"
          },
          "sensitive_attributes": []
        }
      ]
    },
    {
      "module": "module.cdn.module.dns",
      "mode": "managed",
      "type": "aws_route53_record",
      "name": "default",
      "provider": "provider[\"registry.terraform.io/hashicorp/aws\"]",
      "instances": [
        {
          "index_key": "wattlink-landing.hasemato.com",
          "schema_version": 2,
          "attributes": {
            "alias": [
              {
                "evaluate_target_health": false,
                "name": "db1tk9rj426ed.cloudfront.net",
                "zone_id": "Z2FDTNDATAQYW2"
              }
            ],
            "allow_overwrite": false,
            "cidr_routing_policy": [],
            "failover_routing_policy": [],
            "fqdn": "wattlink-landing.hasemato.com",
            "geolocation_routing_policy": [],
            "geoproximity_routing_policy": [],
            "health_check_id": "",
            "id": "Z06437641R6SHV8X301QF_wattlink-landing.hasemato.com_A",
            "latency_routing_policy": [],
            "multivalue_answer_routing_policy": false,
            "name": "wattlink-landing.hasemato.com",
            "records": null,
            "set_identifier": "",
            "ttl": 0,
            "type": "A",
            "weighted_routing_policy": [],
            "zone_id": "Z06437641R6SHV8X301QF"
          },
          "sensitive_attributes": [],
          "private": "eyJzY2hlbWFfdmVyc2lvbiI6IjIifQ==",
          "dependencies": [
            "module.acm_request_certificate.aws_acm_certificate.default",
            "module.acm_request_certificate.aws_acm_certificate_validation.default",
            "module.acm_request_certificate.aws_route53_record.default",
            "module.acm_request_certificate.data.aws_route53_zone.default",
            "module.cdn.aws_cloudfront_distribution.default",
            "module.cdn.aws_cloudfront_origin_access_control.default",
            "module.cdn.aws_cloudfront_origin_access_identity.default",
            "module.cdn.aws_s3_bucket.origin",
            "module.cdn.data.aws_caller_identity.current",
            "module.cdn.data.aws_partition.current",
            "module.cdn.data.aws_region.current",
            "module.cdn.data.aws_s3_bucket.cf_logs",
            "module.cdn.data.aws_s3_bucket.origin",
            "module.cdn.module.dns.data.aws_route53_zone.default",
            "module.cdn.module.logs.aws_s3_bucket_notification.bucket_notification",
            "module.cdn.module.logs.aws_sqs_queue.notifications",
            "module.cdn.module.logs.data.aws_caller_identity.current",
            "module.cdn.module.logs.data.aws_iam_policy_document.sqs_policy",
            "module.cdn.module.logs.data.aws_partition.current",
            "module.cdn.module.logs.module.aws_s3_bucket.aws_iam_policy.replication",
            "module.cdn.module.logs.module.aws_s3_bucket.aws_iam_role.replication",
            "module.cdn.module.logs.module.aws_s3_bucket.aws_iam_role_policy_attachment.replication",
            "module.cdn.module.logs.module.aws_s3_bucket.aws_s3_bucket.default",
            "module.cdn.module.logs.module.aws_s3_bucket.aws_s3_bucket_accelerate_configuration.default",
            "module.cdn.module.logs.module.aws_s3_bucket.aws_s3_bucket_acl.default",
            "module.cdn.module.logs.module.aws_s3_bucket.aws_s3_bucket_cors_configuration.default",
            "module.cdn.module.logs.module.aws_s3_bucket.aws_s3_bucket_lifecycle_configuration.default",
            "module.cdn.module.logs.module.aws_s3_bucket.aws_s3_bucket_logging.default",
            "module.cdn.module.logs.module.aws_s3_bucket.aws_s3_bucket_object_lock_configuration.default",
            "module.cdn.module.logs.module.aws_s3_bucket.aws_s3_bucket_ownership_controls.default",
            "module.cdn.module.logs.module.aws_s3_bucket.aws_s3_bucket_policy.default",
            "module.cdn.module.logs.module.aws_s3_bucket.aws_s3_bucket_public_access_block.default",
            "module.cdn.module.logs.module.aws_s3_bucket.aws_s3_bucket_replication_configuration.default",
            "module.cdn.module.logs.module.aws_s3_bucket.aws_s3_bucket_server_side_encryption_configuration.default",
            "module.cdn.module.logs.module.aws_s3_bucket.aws_s3_bucket_versioning.default",
            "module.cdn.module.logs.module.aws_s3_bucket.aws_s3_bucket_website_configuration.default",
            "module.cdn.module.logs.module.aws_s3_bucket.aws_s3_bucket_website_configuration.redirect",
            "module.cdn.module.logs.module.aws_s3_bucket.data.aws_canonical_user_id.default",
            "module.cdn.module.logs.module.aws_s3_bucket.data.aws_iam_policy_document.aggregated_policy",
            "module.cdn.module.logs.module.aws_s3_bucket.data.aws_iam_policy_document.bucket_policy",
            "module.cdn.module.logs.module.aws_s3_bucket.data.aws_iam_policy_document.replication",
            "module.cdn.module.logs.module.aws_s3_bucket.data.aws_iam_policy_document.replication_sts",
            "module.cdn.module.logs.module.aws_s3_bucket.data.aws_partition.current",
            "module.cdn.module.logs.module.aws_s3_bucket.module.s3_user.aws_iam_user_policy.default",
            "module.cdn.module.logs.module.aws_s3_bucket.module.s3_user.data.aws_iam_policy_document.default",
            "module.cdn.module.logs.module.aws_s3_bucket.module.s3_user.module.s3_user.aws_iam_access_key.default",
            "module.cdn.module.logs.module.aws_s3_bucket.module.s3_user.module.s3_user.aws_iam_user.default",
            "module.cdn.module.logs.module.aws_s3_bucket.module.s3_user.module.s3_user.aws_iam_user_policy.inline_policies",
            "module.cdn.module.logs.module.aws_s3_bucket.module.s3_user.module.s3_user.aws_iam_user_policy_attachment.policies",
            "module.cdn.module.logs.module.aws_s3_bucket.module.s3_user.module.s3_user.module.store_write.aws_ssm_parameter.default",
            "module.cdn.module.logs.module.aws_s3_bucket.module.s3_user.module.s3_user.module.store_write.aws_ssm_parameter.ignore_value_changes",
            "module.cdn.module.logs.module.aws_s3_bucket.module.s3_user.module.s3_user.module.store_write.data.aws_ssm_parameter.read",
            "module.cdn.module.logs.module.aws_s3_bucket.time_sleep.wait_for_aws_s3_bucket_settings",
            "module.cdn.random_password.referer"
          ]
        },
        {
          "index_key": "wattlink.hasemato.com",
          "schema_version": 2,
          "attributes": {
            "alias": [
              {
                "evaluate_target_health": false,
                "name": "db1tk9rj426ed.cloudfront.net",
                "zone_id": "Z2FDTNDATAQYW2"
              }
            ],
            "allow_overwrite": false,
            "cidr_routing_policy": [],
            "failover_routing_policy": [],
            "fqdn": "wattlink.hasemato.com",
            "geolocation_routing_policy": [],
            "geoproximity_routing_policy": [],
            "health_check_id": "",
            "id": "Z06437641R6SHV8X301QF_wattlink.hasemato.com_A",
            "latency_routing_policy": [],
            "multivalue_answer_routing_policy": false,
            "name": "wattlink.hasemato.com",
            "records": null,
            "set_identifier": "",
            "ttl": 0,
            "type": "A",
            "weighted_routing_policy": [],
            "zone_id": "Z06437641R6SHV8X301QF"
          },
          "sensitive_attributes": [],
          "private": "eyJzY2hlbWFfdmVyc2lvbiI6IjIifQ==",
          "dependencies": [
            "module.acm_request_certificate.aws_acm_certificate.default",
            "module.acm_request_certificate.aws_acm_certificate_validation.default",
            "module.acm_request_certificate.aws_route53_record.default",
            "module.acm_request_certificate.data.aws_route53_zone.default",
            "module.cdn.aws_cloudfront_distribution.default",
            "module.cdn.aws_cloudfront_origin_access_control.default",
            "module.cdn.aws_cloudfront_origin_access_identity.default",
            "module.cdn.aws_s3_bucket.origin",
            "module.cdn.data.aws_caller_identity.current",
            "module.cdn.data.aws_partition.current",
            "module.cdn.data.aws_region.current",
            "module.cdn.data.aws_s3_bucket.cf_logs",
            "module.cdn.data.aws_s3_bucket.origin",
            "module.cdn.module.dns.data.aws_route53_zone.default",
            "module.cdn.module.logs.aws_s3_bucket_notification.bucket_notification",
            "module.cdn.module.logs.aws_sqs_queue.notifications",
            "module.cdn.module.logs.data.aws_caller_identity.current",
            "module.cdn.module.logs.data.aws_iam_policy_document.sqs_policy",
            "module.cdn.module.logs.data.aws_partition.current",
            "module.cdn.module.logs.module.aws_s3_bucket.aws_iam_policy.replication",
            "module.cdn.module.logs.module.aws_s3_bucket.aws_iam_role.replication",
            "module.cdn.module.logs.module.aws_s3_bucket.aws_iam_role_policy_attachment.replication",
            "module.cdn.module.logs.module.aws_s3_bucket.aws_s3_bucket.default",
            "module.cdn.module.logs.module.aws_s3_bucket.aws_s3_bucket_accelerate_configuration.default",
            "module.cdn.module.logs.module.aws_s3_bucket.aws_s3_bucket_acl.default",
            "module.cdn.module.logs.module.aws_s3_bucket.aws_s3_bucket_cors_configuration.default",
            "module.cdn.module.logs.module.aws_s3_bucket.aws_s3_bucket_lifecycle_configuration.default",
            "module.cdn.module.logs.module.aws_s3_bucket.aws_s3_bucket_logging.default",
            "module.cdn.module.logs.module.aws_s3_bucket.aws_s3_bucket_object_lock_configuration.default",
            "module.cdn.module.logs.module.aws_s3_bucket.aws_s3_bucket_ownership_controls.default",
            "module.cdn.module.logs.module.aws_s3_bucket.aws_s3_bucket_policy.default",
            "module.cdn.module.logs.module.aws_s3_bucket.aws_s3_bucket_public_access_block.default",
            "module.cdn.module.logs.module.aws_s3_bucket.aws_s3_bucket_replication_configuration.default",
            "module.cdn.module.logs.module.aws_s3_bucket.aws_s3_bucket_server_side_encryption_configuration.default",
            "module.cdn.module.logs.module.aws_s3_bucket.aws_s3_bucket_versioning.default",
            "module.cdn.module.logs.module.aws_s3_bucket.aws_s3_bucket_website_configuration.default",
            "module.cdn.module.logs.module.aws_s3_bucket.aws_s3_bucket_website_configuration.redirect",
            "module.cdn.module.logs.module.aws_s3_bucket.data.aws_canonical_user_id.default",
            "module.cdn.module.logs.module.aws_s3_bucket.data.aws_iam_policy_document.aggregated_policy",
            "module.cdn.module.logs.module.aws_s3_bucket.data.aws_iam_policy_document.bucket_policy",
            "module.cdn.module.logs.module.aws_s3_bucket.data.aws_iam_policy_document.replication",
            "module.cdn.module.logs.module.aws_s3_bucket.data.aws_iam_policy_document.replication_sts",
            "module.cdn.module.logs.module.aws_s3_bucket.data.aws_partition.current",
            "module.cdn.module.logs.module.aws_s3_bucket.module.s3_user.aws_iam_user_policy.default",
            "module.cdn.module.logs.module.aws_s3_bucket.module.s3_user.data.aws_iam_policy_document.default",
            "module.cdn.module.logs.module.aws_s3_bucket.module.s3_user.module.s3_user.aws_iam_access_key.default",
            "module.cdn.module.logs.module.aws_s3_bucket.module.s3_user.module.s3_user.aws_iam_user.default",
            "module.cdn.module.logs.module.aws_s3_bucket.module.s3_user.module.s3_user.aws_iam_user_policy.inline_policies",
            "module.cdn.module.logs.module.aws_s3_bucket.module.s3_user.module.s3_user.aws_iam_user_policy_attachment.policies",
            "module.cdn.module.logs.module.aws_s3_bucket.module.s3_user.module.s3_user.module.store_write.aws_ssm_parameter.default",
            "module.cdn.module.logs.module.aws_s3_bucket.module.s3_user.module.s3_user.module.store_write.aws_ssm_parameter.ignore_value_changes",
            "module.cdn.module.logs.module.aws_s3_bucket.module.s3_user.module.s3_user.module.store_write.data.aws_ssm_parameter.read",
            "module.cdn.module.logs.module.aws_s3_bucket.time_sleep.wait_for_aws_s3_bucket_settings",
            "module.cdn.random_password.referer"
          ]
        }
      ]
    },
    {
      "module": "module.cdn.module.dns",
      "mode": "managed",
      "type": "aws_route53_record",
      "name": "ipv6",
      "provider": "provider[\"registry.terraform.io/hashicorp/aws\"]",
      "instances": [
        {
          "index_key": "wattlink-landing.hasemato.com",
          "schema_version": 2,
          "attributes": {
            "alias": [
              {
                "evaluate_target_health": false,
                "name": "db1tk9rj426ed.cloudfront.net",
                "zone_id": "Z2FDTNDATAQYW2"
              }
            ],
            "allow_overwrite": false,
            "cidr_routing_policy": [],
            "failover_routing_policy": [],
            "fqdn": "wattlink-landing.hasemato.com",
            "geolocation_routing_policy": [],
            "geoproximity_routing_policy": [],
            "health_check_id": "",
            "id": "Z06437641R6SHV8X301QF_wattlink-landing.hasemato.com_AAAA",
            "latency_routing_policy": [],
            "multivalue_answer_routing_policy": false,
            "name": "wattlink-landing.hasemato.com",
            "records": null,
            "set_identifier": "",
            "ttl": 0,
            "type": "AAAA",
            "weighted_routing_policy": [],
            "zone_id": "Z06437641R6SHV8X301QF"
          },
          "sensitive_attributes": [],
          "private": "eyJzY2hlbWFfdmVyc2lvbiI6IjIifQ==",
          "dependencies": [
            "module.acm_request_certificate.aws_acm_certificate.default",
            "module.acm_request_certificate.aws_acm_certificate_validation.default",
            "module.acm_request_certificate.aws_route53_record.default",
            "module.acm_request_certificate.data.aws_route53_zone.default",
            "module.cdn.aws_cloudfront_distribution.default",
            "module.cdn.aws_cloudfront_origin_access_control.default",
            "module.cdn.aws_cloudfront_origin_access_identity.default",
            "module.cdn.aws_s3_bucket.origin",
            "module.cdn.data.aws_caller_identity.current",
            "module.cdn.data.aws_partition.current",
            "module.cdn.data.aws_region.current",
            "module.cdn.data.aws_s3_bucket.cf_logs",
            "module.cdn.data.aws_s3_bucket.origin",
            "module.cdn.module.dns.data.aws_route53_zone.default",
            "module.cdn.module.logs.aws_s3_bucket_notification.bucket_notification",
            "module.cdn.module.logs.aws_sqs_queue.notifications",
            "module.cdn.module.logs.data.aws_caller_identity.current",
            "module.cdn.module.logs.data.aws_iam_policy_document.sqs_policy",
            "module.cdn.module.logs.data.aws_partition.current",
            "module.cdn.module.logs.module.aws_s3_bucket.aws_iam_policy.replication",
            "module.cdn.module.logs.module.aws_s3_bucket.aws_iam_role.replication",
            "module.cdn.module.logs.module.aws_s3_bucket.aws_iam_role_policy_attachment.replication",
            "module.cdn.module.logs.module.aws_s3_bucket.aws_s3_bucket.default",
            "module.cdn.module.logs.module.aws_s3_bucket.aws_s3_bucket_accelerate_configuration.default",
            "module.cdn.module.logs.module.aws_s3_bucket.aws_s3_bucket_acl.default",
            "module.cdn.module.logs.module.aws_s3_bucket.aws_s3_bucket_cors_configuration.default",
            "module.cdn.module.logs.module.aws_s3_bucket.aws_s3_bucket_lifecycle_configuration.default",
            "module.cdn.module.logs.module.aws_s3_bucket.aws_s3_bucket_logging.default",
            "module.cdn.module.logs.module.aws_s3_bucket.aws_s3_bucket_object_lock_configuration.default",
            "module.cdn.module.logs.module.aws_s3_bucket.aws_s3_bucket_ownership_controls.default",
            "module.cdn.module.logs.module.aws_s3_bucket.aws_s3_bucket_policy.default",
            "module.cdn.module.logs.module.aws_s3_bucket.aws_s3_bucket_public_access_block.default",
            "module.cdn.module.logs.module.aws_s3_bucket.aws_s3_bucket_replication_configuration.default",
            "module.cdn.module.logs.module.aws_s3_bucket.aws_s3_bucket_server_side_encryption_configuration.default",
            "module.cdn.module.logs.module.aws_s3_bucket.aws_s3_bucket_versioning.default",
            "module.cdn.module.logs.module.aws_s3_bucket.aws_s3_bucket_website_configuration.default",
            "module.cdn.module.logs.module.aws_s3_bucket.aws_s3_bucket_website_configuration.redirect",
            "module.cdn.module.logs.module.aws_s3_bucket.data.aws_canonical_user_id.default",
            "module.cdn.module.logs.module.aws_s3_bucket.data.aws_iam_policy_document.aggregated_policy",
            "module.cdn.module.logs.module.aws_s3_bucket.data.aws_iam_policy_document.bucket_policy",
            "module.cdn.module.logs.module.aws_s3_bucket.data.aws_iam_policy_document.replication",
            "module.cdn.module.logs.module.aws_s3_bucket.data.aws_iam_policy_document.replication_sts",
            "module.cdn.module.logs.module.aws_s3_bucket.data.aws_partition.current",
            "module.cdn.module.logs.module.aws_s3_bucket.module.s3_user.aws_iam_user_policy.default",
            "module.cdn.module.logs.module.aws_s3_bucket.module.s3_user.data.aws_iam_policy_document.default",
            "module.cdn.module.logs.module.aws_s3_bucket.module.s3_user.module.s3_user.aws_iam_access_key.default",
            "module.cdn.module.logs.module.aws_s3_bucket.module.s3_user.module.s3_user.aws_iam_user.default",
            "module.cdn.module.logs.module.aws_s3_bucket.module.s3_user.module.s3_user.aws_iam_user_policy.inline_policies",
            "module.cdn.module.logs.module.aws_s3_bucket.module.s3_user.module.s3_user.aws_iam_user_policy_attachment.policies",
            "module.cdn.module.logs.module.aws_s3_bucket.module.s3_user.module.s3_user.module.store_write.aws_ssm_parameter.default",
            "module.cdn.module.logs.module.aws_s3_bucket.module.s3_user.module.s3_user.module.store_write.aws_ssm_parameter.ignore_value_changes",
            "module.cdn.module.logs.module.aws_s3_bucket.module.s3_user.module.s3_user.module.store_write.data.aws_ssm_parameter.read",
            "module.cdn.module.logs.module.aws_s3_bucket.time_sleep.wait_for_aws_s3_bucket_settings",
            "module.cdn.random_password.referer"
          ]
        },
        {
          "index_key": "wattlink.hasemato.com",
          "schema_version": 2,
          "attributes": {
            "alias": [
              {
                "evaluate_target_health": false,
                "name": "db1tk9rj426ed.cloudfront.net",
                "zone_id": "Z2FDTNDATAQYW2"
              }
            ],
            "allow_overwrite": false,
            "cidr_routing_policy": [],
            "failover_routing_policy": [],
            "fqdn": "wattlink.hasemato.com",
            "geolocation_routing_policy": [],
            "geoproximity_routing_policy": [],
            "health_check_id": "",
            "id": "Z06437641R6SHV8X301QF_wattlink.hasemato.com_AAAA",
            "latency_routing_policy": [],
            "multivalue_answer_routing_policy": false,
            "name": "wattlink.hasemato.com",
            "records": null,
            "set_identifier": "",
            "ttl": 0,
            "type": "AAAA",
            "weighted_routing_policy": [],
            "zone_id": "Z06437641R6SHV8X301QF"
          },
          "sensitive_attributes": [],
          "private": "eyJzY2hlbWFfdmVyc2lvbiI6IjIifQ==",
          "dependencies": [
            "module.acm_request_certificate.aws_acm_certificate.default",
            "module.acm_request_certificate.aws_acm_certificate_validation.default",
            "module.acm_request_certificate.aws_route53_record.default",
            "module.acm_request_certificate.data.aws_route53_zone.default",
            "module.cdn.aws_cloudfront_distribution.default",
            "module.cdn.aws_cloudfront_origin_access_control.default",
            "module.cdn.aws_cloudfront_origin_access_identity.default",
            "module.cdn.aws_s3_bucket.origin",
            "module.cdn.data.aws_caller_identity.current",
            "module.cdn.data.aws_partition.current",
            "module.cdn.data.aws_region.current",
            "module.cdn.data.aws_s3_bucket.cf_logs",
            "module.cdn.data.aws_s3_bucket.origin",
            "module.cdn.module.dns.data.aws_route53_zone.default",
            "module.cdn.module.logs.aws_s3_bucket_notification.bucket_notification",
            "module.cdn.module.logs.aws_sqs_queue.notifications",
            "module.cdn.module.logs.data.aws_caller_identity.current",
            "module.cdn.module.logs.data.aws_iam_policy_document.sqs_policy",
            "module.cdn.module.logs.data.aws_partition.current",
            "module.cdn.module.logs.module.aws_s3_bucket.aws_iam_policy.replication",
            "module.cdn.module.logs.module.aws_s3_bucket.aws_iam_role.replication",
            "module.cdn.module.logs.module.aws_s3_bucket.aws_iam_role_policy_attachment.replication",
            "module.cdn.module.logs.module.aws_s3_bucket.aws_s3_bucket.default",
            "module.cdn.module.logs.module.aws_s3_bucket.aws_s3_bucket_accelerate_configuration.default",
            "module.cdn.module.logs.module.aws_s3_bucket.aws_s3_bucket_acl.default",
            "module.cdn.module.logs.module.aws_s3_bucket.aws_s3_bucket_cors_configuration.default",
            "module.cdn.module.logs.module.aws_s3_bucket.aws_s3_bucket_lifecycle_configuration.default",
            "module.cdn.module.logs.module.aws_s3_bucket.aws_s3_bucket_logging.default",
            "module.cdn.module.logs.module.aws_s3_bucket.aws_s3_bucket_object_lock_configuration.default",
            "module.cdn.module.logs.module.aws_s3_bucket.aws_s3_bucket_ownership_controls.default",
            "module.cdn.module.logs.module.aws_s3_bucket.aws_s3_bucket_policy.default",
            "module.cdn.module.logs.module.aws_s3_bucket.aws_s3_bucket_public_access_block.default",
            "module.cdn.module.logs.module.aws_s3_bucket.aws_s3_bucket_replication_configuration.default",
            "module.cdn.module.logs.module.aws_s3_bucket.aws_s3_bucket_server_side_encryption_configuration.default",
            "module.cdn.module.logs.module.aws_s3_bucket.aws_s3_bucket_versioning.default",
            "module.cdn.module.logs.module.aws_s3_bucket.aws_s3_bucket_website_configuration.default",
            "module.cdn.module.logs.module.aws_s3_bucket.aws_s3_bucket_website_configuration.redirect",
            "module.cdn.module.logs.module.aws_s3_bucket.data.aws_canonical_user_id.default",
            "module.cdn.module.logs.module.aws_s3_bucket.data.aws_iam_policy_document.aggregated_policy",
            "module.cdn.module.logs.module.aws_s3_bucket.data.aws_iam_policy_document.bucket_policy",
            "module.cdn.module.logs.module.aws_s3_bucket.data.aws_iam_policy_document.replication",
            "module.cdn.module.logs.module.aws_s3_bucket.data.aws_iam_policy_document.replication_sts",
            "module.cdn.module.logs.module.aws_s3_bucket.data.aws_partition.current",
            "module.cdn.module.logs.module.aws_s3_bucket.module.s3_user.aws_iam_user_policy.default",
            "module.cdn.module.logs.module.aws_s3_bucket.module.s3_user.data.aws_iam_policy_document.default",
            "module.cdn.module.logs.module.aws_s3_bucket.module.s3_user.module.s3_user.aws_iam_access_key.default",
            "module.cdn.module.logs.module.aws_s3_bucket.module.s3_user.module.s3_user.aws_iam_user.default",
            "module.cdn.module.logs.module.aws_s3_bucket.module.s3_user.module.s3_user.aws_iam_user_policy.inline_policies",
            "module.cdn.module.logs.module.aws_s3_bucket.module.s3_user.module.s3_user.aws_iam_user_policy_attachment.policies",
            "module.cdn.module.logs.module.aws_s3_bucket.module.s3_user.module.s3_user.module.store_write.aws_ssm_parameter.default",
            "module.cdn.module.logs.module.aws_s3_bucket.module.s3_user.module.s3_user.module.store_write.aws_ssm_parameter.ignore_value_changes",
            "module.cdn.module.logs.module.aws_s3_bucket.module.s3_user.module.s3_user.module.store_write.data.aws_ssm_parameter.read",
            "module.cdn.module.logs.module.aws_s3_bucket.time_sleep.wait_for_aws_s3_bucket_settings",
            "module.cdn.random_password.referer"
          ]
        }
      ]
    },
    {
      "module": "module.cdn.module.logs",
      "mode": "data",
      "type": "aws_caller_identity",
      "name": "current",
      "provider": "provider[\"registry.terraform.io/hashicorp/aws\"]",
      "instances": [
        {
          "index_key": 0,
          "schema_version": 0,
          "attributes": {
            "account_id": "456004844534",
            "arn": "arn:aws:iam::456004844534:user/lynqtech-macbook-iam",
            "id": "456004844534",
            "user_id": "AIDAWULABXP3AKVQLTVCP"
          },
          "sensitive_attributes": []
        }
      ]
    },
    {
      "module": "module.cdn.module.logs",
      "mode": "data",
      "type": "aws_partition",
      "name": "current",
      "provider": "provider[\"registry.terraform.io/hashicorp/aws\"]",
      "instances": [
        {
          "index_key": 0,
          "schema_version": 0,
          "attributes": {
            "dns_suffix": "amazonaws.com",
            "id": "aws",
            "partition": "aws",
            "reverse_dns_prefix": "com.amazonaws"
          },
          "sensitive_attributes": []
        }
      ]
    },
    {
      "module": "module.cdn.module.logs.module.aws_s3_bucket",
      "mode": "data",
      "type": "aws_canonical_user_id",
      "name": "default",
      "provider": "provider[\"registry.terraform.io/hashicorp/aws\"]",
      "instances": [
        {
          "index_key": 0,
          "schema_version": 0,
          "attributes": {
            "display_name": "",
            "id": "30ab2a9766c1acf17cf0326867ed02b1315681c8b266a028a6c5d814df1bb322"
          },
          "sensitive_attributes": []
        }
      ]
    },
    {
      "module": "module.cdn.module.logs.module.aws_s3_bucket",
      "mode": "data",
      "type": "aws_iam_policy_document",
      "name": "aggregated_policy",
      "provider": "provider[\"registry.terraform.io/hashicorp/aws\"]",
      "instances": [
        {
          "index_key": 0,
          "schema_version": 0,
          "attributes": {
            "id": "4293197835",
            "json": "{\n  \"Version\": \"2012-10-17\",\n  \"Statement\": [\n    {\n      \"Sid\": \"ForceSSLOnlyAccess\",\n      \"Effect\": \"Deny\",\n      \"Action\": \"s3:*\",\n      \"Resource\": [\n        \"arn:aws:s3:::wattlink-test-landing-logs/*\",\n        \"arn:aws:s3:::wattlink-test-landing-logs\"\n      ],\n      \"Principal\": \"*\",\n      \"Condition\": {\n        \"Bool\": {\n          \"aws:SecureTransport\": \"false\"\n        }\n      }\n    }\n  ]\n}",
            "minified_json": "{\"Version\":\"2012-10-17\",\"Statement\":[{\"Sid\":\"ForceSSLOnlyAccess\",\"Effect\":\"Deny\",\"Action\":\"s3:*\",\"Resource\":[\"arn:aws:s3:::wattlink-test-landing-logs/*\",\"arn:aws:s3:::wattlink-test-landing-logs\"],\"Principal\":\"*\",\"Condition\":{\"Bool\":{\"aws:SecureTransport\":\"false\"}}}]}",
            "override_json": null,
            "override_policy_documents": null,
            "policy_id": null,
            "source_json": null,
            "source_policy_documents": [
              "{\n  \"Version\": \"2012-10-17\",\n  \"Statement\": [\n    {\n      \"Sid\": \"ForceSSLOnlyAccess\",\n      \"Effect\": \"Deny\",\n      \"Action\": \"s3:*\",\n      \"Resource\": [\n        \"arn:aws:s3:::wattlink-test-landing-logs/*\",\n        \"arn:aws:s3:::wattlink-test-landing-logs\"\n      ],\n      \"Principal\": \"*\",\n      \"Condition\": {\n        \"Bool\": {\n          \"aws:SecureTransport\": \"false\"\n        }\n      }\n    }\n  ]\n}"
            ],
            "statement": null,
            "version": "2012-10-17"
          },
          "sensitive_attributes": []
        }
      ]
    },
    {
      "module": "module.cdn.module.logs.module.aws_s3_bucket",
      "mode": "data",
      "type": "aws_iam_policy_document",
      "name": "bucket_policy",
      "provider": "provider[\"registry.terraform.io/hashicorp/aws\"]",
      "instances": [
        {
          "index_key": 0,
          "schema_version": 0,
          "attributes": {
            "id": "4293197835",
            "json": "{\n  \"Version\": \"2012-10-17\",\n  \"Statement\": [\n    {\n      \"Sid\": \"ForceSSLOnlyAccess\",\n      \"Effect\": \"Deny\",\n      \"Action\": \"s3:*\",\n      \"Resource\": [\n        \"arn:aws:s3:::wattlink-test-landing-logs/*\",\n        \"arn:aws:s3:::wattlink-test-landing-logs\"\n      ],\n      \"Principal\": \"*\",\n      \"Condition\": {\n        \"Bool\": {\n          \"aws:SecureTransport\": \"false\"\n        }\n      }\n    }\n  ]\n}",
            "minified_json": "{\"Version\":\"2012-10-17\",\"Statement\":[{\"Sid\":\"ForceSSLOnlyAccess\",\"Effect\":\"Deny\",\"Action\":\"s3:*\",\"Resource\":[\"arn:aws:s3:::wattlink-test-landing-logs/*\",\"arn:aws:s3:::wattlink-test-landing-logs\"],\"Principal\":\"*\",\"Condition\":{\"Bool\":{\"aws:SecureTransport\":\"false\"}}}]}",
            "override_json": null,
            "override_policy_documents": null,
            "policy_id": null,
            "source_json": null,
            "source_policy_documents": null,
            "statement": [
              {
                "actions": [
                  "s3:*"
                ],
                "condition": [
                  {
                    "test": "Bool",
                    "values": [
                      "false"
                    ],
                    "variable": "aws:SecureTransport"
                  }
                ],
                "effect": "Deny",
                "not_actions": [],
                "not_principals": [],
                "not_resources": [],
                "principals": [
                  {
                    "identifiers": [
                      "*"
                    ],
                    "type": "*"
                  }
                ],
                "resources": [
                  "arn:aws:s3:::wattlink-test-landing-logs",
                  "arn:aws:s3:::wattlink-test-landing-logs/*"
                ],
                "sid": "ForceSSLOnlyAccess"
              }
            ],
            "version": "2012-10-17"
          },
          "sensitive_attributes": []
        }
      ]
    },
    {
      "module": "module.cdn.module.logs.module.aws_s3_bucket",
      "mode": "data",
      "type": "aws_partition",
      "name": "current",
      "provider": "provider[\"registry.terraform.io/hashicorp/aws\"]",
      "instances": [
        {
          "index_key": 0,
          "schema_version": 0,
          "attributes": {
            "dns_suffix": "amazonaws.com",
            "id": "aws",
            "partition": "aws",
            "reverse_dns_prefix": "com.amazonaws"
          },
          "sensitive_attributes": []
        }
      ]
    },
    {
      "module": "module.cdn.module.logs.module.aws_s3_bucket",
      "mode": "managed",
      "type": "aws_s3_bucket",
      "name": "default",
      "provider": "provider[\"registry.terraform.io/hashicorp/aws\"]",
      "instances": [
        {
          "index_key": 0,
          "schema_version": 0,
          "attributes": {
            "acceleration_status": "",
            "acl": null,
            "arn": "arn:aws:s3:::wattlink-test-landing-logs",
            "bucket": "wattlink-test-landing-logs",
            "bucket_domain_name": "wattlink-test-landing-logs.s3.amazonaws.com",
            "bucket_prefix": "",
            "bucket_regional_domain_name": "wattlink-test-landing-logs.s3.eu-central-1.amazonaws.com",
            "cors_rule": [],
            "force_destroy": false,
            "grant": [
              {
                "id": "30ab2a9766c1acf17cf0326867ed02b1315681c8b266a028a6c5d814df1bb322",
                "permissions": [
                  "FULL_CONTROL"
                ],
                "type": "CanonicalUser",
                "uri": ""
              }
            ],
            "hosted_zone_id": "Z21DNDUVLTQW6Q",
            "id": "wattlink-test-landing-logs",
            "lifecycle_rule": [],
            "logging": [],
            "object_lock_configuration": [],
            "object_lock_enabled": false,
            "policy": "",
            "region": "eu-central-1",
            "replication_configuration": [],
            "request_payer": "BucketOwner",
            "server_side_encryption_configuration": [
              {
                "rule": [
                  {
                    "apply_server_side_encryption_by_default": [
                      {
                        "kms_master_key_id": "",
                        "sse_algorithm": "AES256"
                      }
                    ],
                    "bucket_key_enabled": false
                  }
                ]
              }
            ],
            "tags": {
              "Attributes": "logs",
              "Name": "wattlink-test-landing-logs",
              "Namespace": "wattlink",
              "Stage": "test"
            },
            "tags_all": {
              "Attributes": "logs",
              "Name": "wattlink-test-landing-logs",
              "Namespace": "wattlink",
              "Stage": "test"
            },
            "timeouts": null,
            "versioning": [
              {
                "enabled": false,
                "mfa_delete": false
              }
            ],
            "website": [],
            "website_domain": null,
            "website_endpoint": null
          },
          "sensitive_attributes": [],
          "private": "eyJlMmJmYjczMC1lY2FhLTExZTYtOGY4OC0zNDM2M2JjN2M0YzAiOnsiY3JlYXRlIjoxMjAwMDAwMDAwMDAwLCJkZWxldGUiOjM2MDAwMDAwMDAwMDAsInJlYWQiOjEyMDAwMDAwMDAwMDAsInVwZGF0ZSI6MTIwMDAwMDAwMDAwMH19",
          "dependencies": [
            "module.acm_request_certificate.aws_acm_certificate.default",
            "module.acm_request_certificate.aws_acm_certificate_validation.default",
            "module.acm_request_certificate.aws_route53_record.default",
            "module.acm_request_certificate.data.aws_route53_zone.default"
          ]
        }
      ]
    },
    {
      "module": "module.cdn.module.logs.module.aws_s3_bucket",
      "mode": "managed",
      "type": "aws_s3_bucket_acl",
      "name": "default",
      "provider": "provider[\"registry.terraform.io/hashicorp/aws\"]",
      "instances": [
        {
          "index_key": 0,
          "schema_version": 0,
          "attributes": {
            "access_control_policy": [
              {
                "grant": [
                  {
                    "grantee": [
                      {
                        "display_name": "",
                        "email_address": "",
                        "id": "c4c1ede66af53448b93c283ce9448c4ba468c9432aa01d700d3878632f77d2d0",
                        "type": "CanonicalUser",
                        "uri": ""
                      }
                    ],
                    "permission": "FULL_CONTROL"
                  }
                ],
                "owner": [
                  {
                    "display_name": "",
                    "id": "30ab2a9766c1acf17cf0326867ed02b1315681c8b266a028a6c5d814df1bb322"
                  }
                ]
              }
            ],
            "acl": "",
            "bucket": "wattlink-test-landing-logs",
            "expected_bucket_owner": "",
            "id": "wattlink-test-landing-logs"
          },
          "sensitive_attributes": [],
          "private": "bnVsbA==",
          "dependencies": [
            "module.acm_request_certificate.aws_acm_certificate.default",
            "module.acm_request_certificate.aws_acm_certificate_validation.default",
            "module.acm_request_certificate.aws_route53_record.default",
            "module.acm_request_certificate.data.aws_route53_zone.default",
            "module.cdn.module.logs.module.aws_s3_bucket.aws_s3_bucket.default",
            "module.cdn.module.logs.module.aws_s3_bucket.aws_s3_bucket_ownership_controls.default",
            "module.cdn.module.logs.module.aws_s3_bucket.aws_s3_bucket_policy.default",
            "module.cdn.module.logs.module.aws_s3_bucket.aws_s3_bucket_public_access_block.default",
            "module.cdn.module.logs.module.aws_s3_bucket.data.aws_canonical_user_id.default",
            "module.cdn.module.logs.module.aws_s3_bucket.data.aws_iam_policy_document.aggregated_policy",
            "module.cdn.module.logs.module.aws_s3_bucket.data.aws_iam_policy_document.bucket_policy",
            "module.cdn.module.logs.module.aws_s3_bucket.data.aws_partition.current",
            "module.cdn.module.logs.module.aws_s3_bucket.time_sleep.wait_for_aws_s3_bucket_settings"
          ]
        }
      ]
    },
    {
      "module": "module.cdn.module.logs.module.aws_s3_bucket",
      "mode": "managed",
      "type": "aws_s3_bucket_lifecycle_configuration",
      "name": "default",
      "provider": "provider[\"registry.terraform.io/hashicorp/aws\"]",
      "instances": [
        {
          "index_key": 0,
          "schema_version": 0,
          "attributes": {
            "bucket": "wattlink-test-landing-logs",
            "expected_bucket_owner": "",
            "id": "wattlink-test-landing-logs",
            "rule": [
              {
                "abort_incomplete_multipart_upload": [
                  {
                    "days_after_initiation": 5
                  }
                ],
                "expiration": [
                  {
                    "date": "",
                    "days": 90,
                    "expired_object_delete_marker": false
                  }
                ],
                "filter": [
                  {
                    "and": [],
                    "object_size_greater_than": "",
                    "object_size_less_than": "",
                    "prefix": "",
                    "tag": []
                  }
                ],
                "id": "wattlink-test-landing-logs",
                "noncurrent_version_expiration": [
                  {
                    "newer_noncurrent_versions": "",
                    "noncurrent_days": 90
                  }
                ],
                "noncurrent_version_transition": [
                  {
                    "newer_noncurrent_versions": "",
                    "noncurrent_days": 30,
                    "storage_class": "GLACIER"
                  }
                ],
                "prefix": "",
                "status": "Enabled",
                "transition": [
                  {
                    "date": "",
                    "days": 30,
                    "storage_class": "STANDARD_IA"
                  },
                  {
                    "date": "",
                    "days": 60,
                    "storage_class": "GLACIER"
                  }
                ]
              }
            ],
            "timeouts": null,
            "transition_default_minimum_object_size": "all_storage_classes_128K"
          },
          "sensitive_attributes": [],
          "private": "eyJlMmJmYjczMC1lY2FhLTExZTYtOGY4OC0zNDM2M2JjN2M0YzAiOnsiY3JlYXRlIjoxODAwMDAwMDAwMDAsInVwZGF0ZSI6MTgwMDAwMDAwMDAwfX0=",
          "dependencies": [
            "module.acm_request_certificate.aws_acm_certificate.default",
            "module.acm_request_certificate.aws_acm_certificate_validation.default",
            "module.acm_request_certificate.aws_route53_record.default",
            "module.acm_request_certificate.data.aws_route53_zone.default",
            "module.cdn.module.logs.module.aws_s3_bucket.aws_s3_bucket.default",
            "module.cdn.module.logs.module.aws_s3_bucket.aws_s3_bucket_versioning.default"
          ]
        }
      ]
    },
    {
      "module": "module.cdn.module.logs.module.aws_s3_bucket",
      "mode": "managed",
      "type": "aws_s3_bucket_ownership_controls",
      "name": "default",
      "provider": "provider[\"registry.terraform.io/hashicorp/aws\"]",
      "instances": [
        {
          "index_key": 0,
          "schema_version": 0,
          "attributes": {
            "bucket": "wattlink-test-landing-logs",
            "id": "wattlink-test-landing-logs",
            "rule": [
              {
                "object_ownership": "BucketOwnerPreferred"
              }
            ]
          },
          "sensitive_attributes": [],
          "private": "bnVsbA==",
          "dependencies": [
            "module.acm_request_certificate.aws_acm_certificate.default",
            "module.acm_request_certificate.aws_acm_certificate_validation.default",
            "module.acm_request_certificate.aws_route53_record.default",
            "module.acm_request_certificate.data.aws_route53_zone.default",
            "module.cdn.module.logs.module.aws_s3_bucket.aws_s3_bucket.default",
            "module.cdn.module.logs.module.aws_s3_bucket.aws_s3_bucket_policy.default",
            "module.cdn.module.logs.module.aws_s3_bucket.aws_s3_bucket_public_access_block.default",
            "module.cdn.module.logs.module.aws_s3_bucket.data.aws_iam_policy_document.aggregated_policy",
            "module.cdn.module.logs.module.aws_s3_bucket.data.aws_iam_policy_document.bucket_policy",
            "module.cdn.module.logs.module.aws_s3_bucket.data.aws_partition.current",
            "module.cdn.module.logs.module.aws_s3_bucket.time_sleep.wait_for_aws_s3_bucket_settings"
          ]
        }
      ]
    },
    {
      "module": "module.cdn.module.logs.module.aws_s3_bucket",
      "mode": "managed",
      "type": "aws_s3_bucket_policy",
      "name": "default",
      "provider": "provider[\"registry.terraform.io/hashicorp/aws\"]",
      "instances": [
        {
          "index_key": 0,
          "schema_version": 0,
          "attributes": {
            "bucket": "wattlink-test-landing-logs",
            "id": "wattlink-test-landing-logs",
            "policy": "{\"Statement\":[{\"Action\":\"s3:*\",\"Condition\":{\"Bool\":{\"aws:SecureTransport\":\"false\"}},\"Effect\":\"Deny\",\"Principal\":\"*\",\"Resource\":[\"arn:aws:s3:::wattlink-test-landing-logs/*\",\"arn:aws:s3:::wattlink-test-landing-logs\"],\"Sid\":\"ForceSSLOnlyAccess\"}],\"Version\":\"2012-10-17\"}"
          },
          "sensitive_attributes": [],
          "private": "bnVsbA==",
          "dependencies": [
            "module.acm_request_certificate.aws_acm_certificate.default",
            "module.acm_request_certificate.aws_acm_certificate_validation.default",
            "module.acm_request_certificate.aws_route53_record.default",
            "module.acm_request_certificate.data.aws_route53_zone.default",
            "module.cdn.module.logs.module.aws_s3_bucket.aws_s3_bucket.default",
            "module.cdn.module.logs.module.aws_s3_bucket.aws_s3_bucket_public_access_block.default",
            "module.cdn.module.logs.module.aws_s3_bucket.data.aws_iam_policy_document.aggregated_policy",
            "module.cdn.module.logs.module.aws_s3_bucket.data.aws_iam_policy_document.bucket_policy",
            "module.cdn.module.logs.module.aws_s3_bucket.data.aws_partition.current"
          ]
        }
      ]
    },
    {
      "module": "module.cdn.module.logs.module.aws_s3_bucket",
      "mode": "managed",
      "type": "aws_s3_bucket_public_access_block",
      "name": "default",
      "provider": "provider[\"registry.terraform.io/hashicorp/aws\"]",
      "instances": [
        {
          "index_key": 0,
          "schema_version": 0,
          "attributes": {
            "block_public_acls": true,
            "block_public_policy": true,
            "bucket": "wattlink-test-landing-logs",
            "id": "wattlink-test-landing-logs",
            "ignore_public_acls": true,
            "restrict_public_buckets": true
          },
          "sensitive_attributes": [],
          "private": "bnVsbA==",
          "dependencies": [
            "module.acm_request_certificate.aws_acm_certificate.default",
            "module.acm_request_certificate.aws_acm_certificate_validation.default",
            "module.acm_request_certificate.aws_route53_record.default",
            "module.acm_request_certificate.data.aws_route53_zone.default",
            "module.cdn.module.logs.module.aws_s3_bucket.aws_s3_bucket.default"
          ]
        }
      ]
    },
    {
      "module": "module.cdn.module.logs.module.aws_s3_bucket",
      "mode": "managed",
      "type": "aws_s3_bucket_server_side_encryption_configuration",
      "name": "default",
      "provider": "provider[\"registry.terraform.io/hashicorp/aws\"]",
      "instances": [
        {
          "index_key": 0,
          "schema_version": 0,
          "attributes": {
            "bucket": "wattlink-test-landing-logs",
            "expected_bucket_owner": "",
            "id": "wattlink-test-landing-logs",
            "rule": [
              {
                "apply_server_side_encryption_by_default": [
                  {
                    "kms_master_key_id": "",
                    "sse_algorithm": "AES256"
                  }
                ],
                "bucket_key_enabled": false
              }
            ]
          },
          "sensitive_attributes": [],
          "private": "bnVsbA==",
          "dependencies": [
            "module.acm_request_certificate.aws_acm_certificate.default",
            "module.acm_request_certificate.aws_acm_certificate_validation.default",
            "module.acm_request_certificate.aws_route53_record.default",
            "module.acm_request_certificate.data.aws_route53_zone.default",
            "module.cdn.module.logs.module.aws_s3_bucket.aws_s3_bucket.default"
          ]
        }
      ]
    },
    {
      "module": "module.cdn.module.logs.module.aws_s3_bucket",
      "mode": "managed",
      "type": "aws_s3_bucket_versioning",
      "name": "default",
      "provider": "provider[\"registry.terraform.io/hashicorp/aws\"]",
      "instances": [
        {
          "index_key": 0,
          "schema_version": 0,
          "attributes": {
            "bucket": "wattlink-test-landing-logs",
            "expected_bucket_owner": "",
            "id": "wattlink-test-landing-logs",
            "mfa": null,
            "versioning_configuration": [
              {
                "mfa_delete": "",
                "status": "Suspended"
              }
            ]
          },
          "sensitive_attributes": [],
          "private": "bnVsbA==",
          "dependencies": [
            "module.acm_request_certificate.aws_acm_certificate.default",
            "module.acm_request_certificate.aws_acm_certificate_validation.default",
            "module.acm_request_certificate.aws_route53_record.default",
            "module.acm_request_certificate.data.aws_route53_zone.default",
            "module.cdn.module.logs.module.aws_s3_bucket.aws_s3_bucket.default"
          ]
        }
      ]
    },
    {
      "module": "module.cdn.module.logs.module.aws_s3_bucket",
      "mode": "managed",
      "type": "time_sleep",
      "name": "wait_for_aws_s3_bucket_settings",
      "provider": "provider[\"registry.terraform.io/hashicorp/time\"]",
      "instances": [
        {
          "index_key": 0,
          "schema_version": 0,
          "attributes": {
            "create_duration": "30s",
            "destroy_duration": "30s",
            "id": "2024-10-04T08:31:16Z",
            "triggers": null
          },
          "sensitive_attributes": [],
          "dependencies": [
            "module.acm_request_certificate.aws_acm_certificate.default",
            "module.acm_request_certificate.aws_acm_certificate_validation.default",
            "module.acm_request_certificate.aws_route53_record.default",
            "module.acm_request_certificate.data.aws_route53_zone.default",
            "module.cdn.module.logs.module.aws_s3_bucket.aws_s3_bucket.default",
            "module.cdn.module.logs.module.aws_s3_bucket.aws_s3_bucket_policy.default",
            "module.cdn.module.logs.module.aws_s3_bucket.aws_s3_bucket_public_access_block.default",
            "module.cdn.module.logs.module.aws_s3_bucket.data.aws_iam_policy_document.aggregated_policy",
            "module.cdn.module.logs.module.aws_s3_bucket.data.aws_iam_policy_document.bucket_policy",
            "module.cdn.module.logs.module.aws_s3_bucket.data.aws_partition.current"
          ]
        }
      ]
    }
  ],
  "check_results": [
    {
      "object_kind": "var",
      "config_addr": "module.cdn.module.logs.module.aws_s3_bucket.module.s3_user.module.s3_user.var.context",
      "status": "unknown",
      "objects": [
        {
          "object_addr": "module.cdn.module.logs.module.aws_s3_bucket.module.s3_user.module.s3_user.var.context",
          "status": "unknown"
        }
      ]
    },
    {
      "object_kind": "var",
      "config_addr": "module.cdn.module.dns.module.this.var.id_length_limit",
      "status": "pass",
      "objects": [
        {
          "object_addr": "module.cdn.module.dns.module.this.var.id_length_limit",
          "status": "pass"
        }
      ]
    },
    {
      "object_kind": "var",
      "config_addr": "module.cdn.module.logs.module.aws_s3_bucket.module.s3_user.module.s3_user.var.id_length_limit",
      "status": "unknown",
      "objects": [
        {
          "object_addr": "module.cdn.module.logs.module.aws_s3_bucket.module.s3_user.module.s3_user.var.id_length_limit",
          "status": "unknown"
        }
      ]
    },
    {
      "object_kind": "var",
      "config_addr": "module.cdn.module.logs.module.bucket_name.var.context",
      "status": "pass",
      "objects": [
        {
          "object_addr": "module.cdn.module.logs.module.bucket_name.var.context",
          "status": "pass"
        }
      ]
    },
    {
      "object_kind": "var",
      "config_addr": "module.cdn.module.logs.module.aws_s3_bucket.module.this.var.label_key_case",
      "status": "pass",
      "objects": [
        {
          "object_addr": "module.cdn.module.logs.module.aws_s3_bucket.module.this.var.label_key_case",
          "status": "pass"
        }
      ]
    },
    {
      "object_kind": "var",
      "config_addr": "module.cdn.var.id_length_limit",
      "status": "pass",
      "objects": [
        {
          "object_addr": "module.cdn.var.id_length_limit",
          "status": "pass"
        }
      ]
    },
    {
      "object_kind": "var",
      "config_addr": "module.cdn.module.logs.module.aws_s3_bucket.module.s3_user.module.s3_user.module.store_write.module.this.var.id_length_limit",
      "status": "pass",
      "objects": null
    },
    {
      "object_kind": "var",
      "config_addr": "module.acm_request_certificate.var.domain_name",
      "status": "pass",
      "objects": [
        {
          "object_addr": "module.acm_request_certificate.var.domain_name",
          "status": "pass"
        }
      ]
    },
    {
      "object_kind": "var",
      "config_addr": "module.cdn.module.logs.module.this.var.label_value_case",
      "status": "pass",
      "objects": [
        {
          "object_addr": "module.cdn.module.logs.module.this.var.label_value_case",
          "status": "pass"
        }
      ]
    },
    {
      "object_kind": "var",
      "config_addr": "module.cdn.module.logs.module.aws_s3_bucket.var.context",
      "status": "pass",
      "objects": [
        {
          "object_addr": "module.cdn.module.logs.module.aws_s3_bucket.var.context",
          "status": "pass"
        }
      ]
    },
    {
      "object_kind": "var",
      "config_addr": "module.cdn.var.bucket_versioning",
      "status": "pass",
      "objects": [
        {
          "object_addr": "module.cdn.var.bucket_versioning",
          "status": "pass"
        }
      ]
    },
    {
      "object_kind": "var",
      "config_addr": "module.cdn.module.logs.module.aws_s3_bucket.var.website_redirect_all_requests_to",
      "status": "unknown",
      "objects": [
        {
          "object_addr": "module.cdn.module.logs.module.aws_s3_bucket.var.website_redirect_all_requests_to",
          "status": "unknown"
        }
      ]
    },
    {
      "object_kind": "var",
      "config_addr": "module.cdn.module.logs.module.aws_s3_bucket.module.s3_user.module.s3_user.module.store_write.module.this.var.label_key_case",
      "status": "pass",
      "objects": null
    },
    {
      "object_kind": "var",
      "config_addr": "module.cdn.module.logs.module.this.var.context",
      "status": "pass",
      "objects": [
        {
          "object_addr": "module.cdn.module.logs.module.this.var.context",
          "status": "pass"
        }
      ]
    },
    {
      "object_kind": "var",
      "config_addr": "module.cdn.module.logs.var.label_value_case",
      "status": "pass",
      "objects": [
        {
          "object_addr": "module.cdn.module.logs.var.label_value_case",
          "status": "pass"
        }
      ]
    },
    {
      "object_kind": "var",
      "config_addr": "module.cdn.module.logs.module.aws_s3_bucket.var.website_configuration",
      "status": "unknown",
      "objects": [
        {
          "object_addr": "module.cdn.module.logs.module.aws_s3_bucket.var.website_configuration",
          "status": "unknown"
        }
      ]
    },
    {
      "object_kind": "var",
      "config_addr": "module.cdn.module.logs.module.aws_s3_bucket.module.this.var.id_length_limit",
      "status": "pass",
      "objects": [
        {
          "object_addr": "module.cdn.module.logs.module.aws_s3_bucket.module.this.var.id_length_limit",
          "status": "pass"
        }
      ]
    },
    {
      "object_kind": "var",
      "config_addr": "module.cdn.module.logs.module.bucket_name.var.id_length_limit",
      "status": "pass",
      "objects": [
        {
          "object_addr": "module.cdn.module.logs.module.bucket_name.var.id_length_limit",
          "status": "pass"
        }
      ]
    },
    {
      "object_kind": "var",
      "config_addr": "module.cdn.module.logs.module.aws_s3_bucket.module.this.var.context",
      "status": "pass",
      "objects": [
        {
          "object_addr": "module.cdn.module.logs.module.aws_s3_bucket.module.this.var.context",
          "status": "pass"
        }
      ]
    },
    {
      "object_kind": "var",
      "config_addr": "module.cdn.module.logs.module.this.var.id_length_limit",
      "status": "pass",
      "objects": [
        {
          "object_addr": "module.cdn.module.logs.module.this.var.id_length_limit",
          "status": "pass"
        }
      ]
    },
    {
      "object_kind": "var",
      "config_addr": "module.cdn.module.logs.module.aws_s3_bucket.module.s3_user.module.s3_user.module.store_write.var.label_key_case",
      "status": "pass",
      "objects": null
    },
    {
      "object_kind": "var",
      "config_addr": "module.cdn.module.logs.module.aws_s3_bucket.module.s3_user.module.s3_user.module.store_write.var.label_value_case",
      "status": "pass",
      "objects": null
    },
    {
      "object_kind": "var",
      "config_addr": "module.acm_request_certificate.module.this.var.label_value_case",
      "status": "pass",
      "objects": [
        {
          "object_addr": "module.acm_request_certificate.module.this.var.label_value_case",
          "status": "pass"
        }
      ]
    },
    {
      "object_kind": "var",
      "config_addr": "module.cdn.var.label_value_case",
      "status": "pass",
      "objects": [
        {
          "object_addr": "module.cdn.var.label_value_case",
          "status": "pass"
        }
      ]
    },
    {
      "object_kind": "var",
      "config_addr": "module.acm_request_certificate.module.this.var.id_length_limit",
      "status": "pass",
      "objects": [
        {
          "object_addr": "module.acm_request_certificate.module.this.var.id_length_limit",
          "status": "pass"
        }
      ]
    },
    {
      "object_kind": "var",
      "config_addr": "module.cdn.module.logs.module.aws_s3_bucket.module.s3_user.var.context",
      "status": "unknown",
      "objects": [
        {
          "object_addr": "module.cdn.module.logs.module.aws_s3_bucket.module.s3_user.var.context",
          "status": "unknown"
        }
      ]
    },
    {
      "object_kind": "var",
      "config_addr": "module.cdn.module.dns.module.this.var.label_key_case",
      "status": "pass",
      "objects": [
        {
          "object_addr": "module.cdn.module.dns.module.this.var.label_key_case",
          "status": "pass"
        }
      ]
    },
    {
      "object_kind": "var",
      "config_addr": "module.cdn.module.origin_label.var.context",
      "status": "pass",
      "objects": [
        {
          "object_addr": "module.cdn.module.origin_label.var.context",
          "status": "pass"
        }
      ]
    },
    {
      "object_kind": "var",
      "config_addr": "module.cdn.module.origin_label.var.label_value_case",
      "status": "pass",
      "objects": [
        {
          "object_addr": "module.cdn.module.origin_label.var.label_value_case",
          "status": "pass"
        }
      ]
    },
    {
      "object_kind": "var",
      "config_addr": "module.cdn.module.logs.module.aws_s3_bucket.module.s3_user.module.s3_user.module.this.var.id_length_limit",
      "status": "unknown",
      "objects": [
        {
          "object_addr": "module.cdn.module.logs.module.aws_s3_bucket.module.s3_user.module.s3_user.module.this.var.id_length_limit",
          "status": "unknown"
        }
      ]
    },
    {
      "object_kind": "var",
      "config_addr": "module.cdn.module.logs.module.aws_s3_bucket.module.s3_user.module.s3_user.module.this.var.context",
      "status": "unknown",
      "objects": [
        {
          "object_addr": "module.cdn.module.logs.module.aws_s3_bucket.module.s3_user.module.s3_user.module.this.var.context",
          "status": "unknown"
        }
      ]
    },
    {
      "object_kind": "var",
      "config_addr": "module.cdn.module.logs.module.this.var.label_key_case",
      "status": "pass",
      "objects": [
        {
          "object_addr": "module.cdn.module.logs.module.this.var.label_key_case",
          "status": "pass"
        }
      ]
    },
    {
      "object_kind": "var",
      "config_addr": "module.cdn.module.logs.module.aws_s3_bucket.module.s3_user.module.s3_user.module.store_write.var.context",
      "status": "pass",
      "objects": null
    },
    {
      "object_kind": "var",
      "config_addr": "module.cdn.module.logs.var.context",
      "status": "pass",
      "objects": [
        {
          "object_addr": "module.cdn.module.logs.var.context",
          "status": "pass"
        }
      ]
    },
    {
      "object_kind": "var",
      "config_addr": "module.cdn.module.logs.module.aws_s3_bucket.module.s3_user.module.s3_user.module.store_write.var.id_length_limit",
      "status": "pass",
      "objects": null
    },
    {
      "object_kind": "var",
      "config_addr": "module.cdn.module.logs.module.aws_s3_bucket.module.s3_user.module.s3_user.var.label_value_case",
      "status": "unknown",
      "objects": [
        {
          "object_addr": "module.cdn.module.logs.module.aws_s3_bucket.module.s3_user.module.s3_user.var.label_value_case",
          "status": "unknown"
        }
      ]
    },
    {
      "object_kind": "var",
      "config_addr": "module.cdn.module.logs.module.aws_s3_bucket.module.s3_user.var.label_value_case",
      "status": "unknown",
      "objects": [
        {
          "object_addr": "module.cdn.module.logs.module.aws_s3_bucket.module.s3_user.var.label_value_case",
          "status": "unknown"
        }
      ]
    },
    {
      "object_kind": "var",
      "config_addr": "module.cdn.var.context",
      "status": "pass",
      "objects": [
        {
          "object_addr": "module.cdn.var.context",
          "status": "pass"
        }
      ]
    },
    {
      "object_kind": "var",
      "config_addr": "module.cdn.module.logs.module.aws_s3_bucket.module.s3_user.module.s3_user.module.store_write.module.this.var.label_value_case",
      "status": "pass",
      "objects": null
    },
    {
      "object_kind": "var",
      "config_addr": "module.cdn.module.logs.module.bucket_name.var.label_key_case",
      "status": "pass",
      "objects": [
        {
          "object_addr": "module.cdn.module.logs.module.bucket_name.var.label_key_case",
          "status": "pass"
        }
      ]
    },
    {
      "object_kind": "var",
      "config_addr": "module.cdn.module.logs.module.aws_s3_bucket.module.s3_user.module.this.var.label_value_case",
      "status": "unknown",
      "objects": [
        {
          "object_addr": "module.cdn.module.logs.module.aws_s3_bucket.module.s3_user.module.this.var.label_value_case",
          "status": "unknown"
        }
      ]
    },
    {
      "object_kind": "var",
      "config_addr": "module.cdn.module.this.var.context",
      "status": "pass",
      "objects": [
        {
          "object_addr": "module.cdn.module.this.var.context",
          "status": "pass"
        }
      ]
    },
    {
      "object_kind": "var",
      "config_addr": "module.cdn.module.logs.module.aws_s3_bucket.var.label_value_case",
      "status": "pass",
      "objects": [
        {
          "object_addr": "module.cdn.module.logs.module.aws_s3_bucket.var.label_value_case",
          "status": "pass"
        }
      ]
    },
    {
      "object_kind": "var",
      "config_addr": "module.cdn.module.logs.module.aws_s3_bucket.module.s3_user.var.label_key_case",
      "status": "unknown",
      "objects": [
        {
          "object_addr": "module.cdn.module.logs.module.aws_s3_bucket.module.s3_user.var.label_key_case",
          "status": "unknown"
        }
      ]
    },
    {
      "object_kind": "var",
      "config_addr": "module.acm_request_certificate.var.label_value_case",
      "status": "pass",
      "objects": [
        {
          "object_addr": "module.acm_request_certificate.var.label_value_case",
          "status": "pass"
        }
      ]
    },
    {
      "object_kind": "var",
      "config_addr": "module.cdn.module.logs.module.aws_s3_bucket.module.s3_user.module.this.var.label_key_case",
      "status": "unknown",
      "objects": [
        {
          "object_addr": "module.cdn.module.logs.module.aws_s3_bucket.module.s3_user.module.this.var.label_key_case",
          "status": "unknown"
        }
      ]
    },
    {
      "object_kind": "var",
      "config_addr": "module.cdn.module.dns.module.this.var.label_value_case",
      "status": "pass",
      "objects": [
        {
          "object_addr": "module.cdn.module.dns.module.this.var.label_value_case",
          "status": "pass"
        }
      ]
    },
    {
      "object_kind": "var",
      "config_addr": "module.cdn.module.logs.module.aws_s3_bucket.module.s3_user.module.this.var.id_length_limit",
      "status": "unknown",
      "objects": [
        {
          "object_addr": "module.cdn.module.logs.module.aws_s3_bucket.module.s3_user.module.this.var.id_length_limit",
          "status": "unknown"
        }
      ]
    },
    {
      "object_kind": "var",
      "config_addr": "module.cdn.module.logs.module.aws_s3_bucket.module.s3_user.module.s3_user.module.store_write.module.this.var.context",
      "status": "pass",
      "objects": null
    },
    {
      "object_kind": "var",
      "config_addr": "module.cdn.module.origin_label.var.label_key_case",
      "status": "pass",
      "objects": [
        {
          "object_addr": "module.cdn.module.origin_label.var.label_key_case",
          "status": "pass"
        }
      ]
    },
    {
      "object_kind": "var",
      "config_addr": "module.cdn.var.origin_access_type",
      "status": "pass",
      "objects": [
        {
          "object_addr": "module.cdn.var.origin_access_type",
          "status": "pass"
        }
      ]
    },
    {
      "object_kind": "var",
      "config_addr": "module.cdn.module.logs.module.aws_s3_bucket.var.label_key_case",
      "status": "pass",
      "objects": [
        {
          "object_addr": "module.cdn.module.logs.module.aws_s3_bucket.var.label_key_case",
          "status": "pass"
        }
      ]
    },
    {
      "object_kind": "var",
      "config_addr": "module.acm_request_certificate.module.this.var.context",
      "status": "pass",
      "objects": [
        {
          "object_addr": "module.acm_request_certificate.module.this.var.context",
          "status": "pass"
        }
      ]
    },
    {
      "object_kind": "var",
      "config_addr": "module.cdn.module.dns.var.label_key_case",
      "status": "pass",
      "objects": [
        {
          "object_addr": "module.cdn.module.dns.var.label_key_case",
          "status": "pass"
        }
      ]
    },
    {
      "object_kind": "var",
      "config_addr": "module.cdn.module.dns.module.this.var.context",
      "status": "pass",
      "objects": [
        {
          "object_addr": "module.cdn.module.dns.module.this.var.context",
          "status": "pass"
        }
      ]
    },
    {
      "object_kind": "var",
      "config_addr": "module.cdn.module.origin_label.var.id_length_limit",
      "status": "pass",
      "objects": [
        {
          "object_addr": "module.cdn.module.origin_label.var.id_length_limit",
          "status": "pass"
        }
      ]
    },
    {
      "object_kind": "var",
      "config_addr": "module.cdn.module.dns.var.id_length_limit",
      "status": "pass",
      "objects": [
        {
          "object_addr": "module.cdn.module.dns.var.id_length_limit",
          "status": "pass"
        }
      ]
    },
    {
      "object_kind": "var",
      "config_addr": "module.cdn.module.this.var.id_length_limit",
      "status": "pass",
      "objects": [
        {
          "object_addr": "module.cdn.module.this.var.id_length_limit",
          "status": "pass"
        }
      ]
    },
    {
      "object_kind": "var",
      "config_addr": "module.acm_request_certificate.module.this.var.label_key_case",
      "status": "pass",
      "objects": [
        {
          "object_addr": "module.acm_request_certificate.module.this.var.label_key_case",
          "status": "pass"
        }
      ]
    },
    {
      "object_kind": "var",
      "config_addr": "module.acm_request_certificate.var.context",
      "status": "pass",
      "objects": [
        {
          "object_addr": "module.acm_request_certificate.var.context",
          "status": "pass"
        }
      ]
    },
    {
      "object_kind": "var",
      "config_addr": "module.cdn.module.dns.var.label_value_case",
      "status": "pass",
      "objects": [
        {
          "object_addr": "module.cdn.module.dns.var.label_value_case",
          "status": "pass"
        }
      ]
    },
    {
      "object_kind": "var",
      "config_addr": "module.cdn.module.logs.module.aws_s3_bucket.module.this.var.label_value_case",
      "status": "pass",
      "objects": [
        {
          "object_addr": "module.cdn.module.logs.module.aws_s3_bucket.module.this.var.label_value_case",
          "status": "pass"
        }
      ]
    },
    {
      "object_kind": "var",
      "config_addr": "module.acm_request_certificate.var.subject_alternative_names",
      "status": "pass",
      "objects": [
        {
          "object_addr": "module.acm_request_certificate.var.subject_alternative_names",
          "status": "pass"
        }
      ]
    },
    {
      "object_kind": "var",
      "config_addr": "module.cdn.module.dns.var.context",
      "status": "pass",
      "objects": [
        {
          "object_addr": "module.cdn.module.dns.var.context",
          "status": "pass"
        }
      ]
    },
    {
      "object_kind": "var",
      "config_addr": "module.cdn.var.origin_access_control_signing_behavior",
      "status": "pass",
      "objects": [
        {
          "object_addr": "module.cdn.var.origin_access_control_signing_behavior",
          "status": "pass"
        }
      ]
    },
    {
      "object_kind": "var",
      "config_addr": "module.cdn.module.logs.module.aws_s3_bucket.module.s3_user.module.s3_user.module.this.var.label_value_case",
      "status": "unknown",
      "objects": [
        {
          "object_addr": "module.cdn.module.logs.module.aws_s3_bucket.module.s3_user.module.s3_user.module.this.var.label_value_case",
          "status": "unknown"
        }
      ]
    },
    {
      "object_kind": "var",
      "config_addr": "module.cdn.module.logs.module.bucket_name.var.label_value_case",
      "status": "pass",
      "objects": [
        {
          "object_addr": "module.cdn.module.logs.module.bucket_name.var.label_value_case",
          "status": "pass"
        }
      ]
    },
    {
      "object_kind": "var",
      "config_addr": "module.cdn.module.logs.var.label_key_case",
      "status": "pass",
      "objects": [
        {
          "object_addr": "module.cdn.module.logs.var.label_key_case",
          "status": "pass"
        }
      ]
    },
    {
      "object_kind": "var",
      "config_addr": "module.acm_request_certificate.var.id_length_limit",
      "status": "pass",
      "objects": [
        {
          "object_addr": "module.acm_request_certificate.var.id_length_limit",
          "status": "pass"
        }
      ]
    },
    {
      "object_kind": "var",
      "config_addr": "module.cdn.module.logs.module.aws_s3_bucket.module.s3_user.module.this.var.context",
      "status": "unknown",
      "objects": [
        {
          "object_addr": "module.cdn.module.logs.module.aws_s3_bucket.module.s3_user.module.this.var.context",
          "status": "unknown"
        }
      ]
    },
    {
      "object_kind": "var",
      "config_addr": "module.cdn.var.label_key_case",
      "status": "pass",
      "objects": [
        {
          "object_addr": "module.cdn.var.label_key_case",
          "status": "pass"
        }
      ]
    },
    {
      "object_kind": "var",
      "config_addr": "module.cdn.module.logs.module.aws_s3_bucket.module.s3_user.var.id_length_limit",
      "status": "unknown",
      "objects": [
        {
          "object_addr": "module.cdn.module.logs.module.aws_s3_bucket.module.s3_user.var.id_length_limit",
          "status": "unknown"
        }
      ]
    },
    {
      "object_kind": "var",
      "config_addr": "module.cdn.module.logs.module.aws_s3_bucket.module.s3_user.module.s3_user.module.this.var.label_key_case",
      "status": "unknown",
      "objects": [
        {
          "object_addr": "module.cdn.module.logs.module.aws_s3_bucket.module.s3_user.module.s3_user.module.this.var.label_key_case",
          "status": "unknown"
        }
      ]
    },
    {
      "object_kind": "var",
      "config_addr": "module.acm_request_certificate.var.label_key_case",
      "status": "pass",
      "objects": [
        {
          "object_addr": "module.acm_request_certificate.var.label_key_case",
          "status": "pass"
        }
      ]
    },
    {
      "object_kind": "var",
      "config_addr": "module.cdn.module.logs.module.aws_s3_bucket.var.id_length_limit",
      "status": "pass",
      "objects": [
        {
          "object_addr": "module.cdn.module.logs.module.aws_s3_bucket.var.id_length_limit",
          "status": "pass"
        }
      ]
    },
    {
      "object_kind": "var",
      "config_addr": "module.cdn.module.logs.module.aws_s3_bucket.module.s3_user.module.s3_user.var.label_key_case",
      "status": "unknown",
      "objects": [
        {
          "object_addr": "module.cdn.module.logs.module.aws_s3_bucket.module.s3_user.module.s3_user.var.label_key_case",
          "status": "unknown"
        }
      ]
    },
    {
      "object_kind": "var",
      "config_addr": "module.cdn.module.this.var.label_key_case",
      "status": "pass",
      "objects": [
        {
          "object_addr": "module.cdn.module.this.var.label_key_case",
          "status": "pass"
        }
      ]
    },
    {
      "object_kind": "var",
      "config_addr": "module.cdn.module.logs.var.id_length_limit",
      "status": "pass",
      "objects": [
        {
          "object_addr": "module.cdn.module.logs.var.id_length_limit",
          "status": "pass"
        }
      ]
    },
    {
      "object_kind": "var",
      "config_addr": "module.cdn.module.this.var.label_value_case",
      "status": "pass",
      "objects": [
        {
          "object_addr": "module.cdn.module.this.var.label_value_case",
          "status": "pass"
        }
      ]
    }
  ]
}
